// !$*UTF8*$!
{
	archiveVersion = 1;
	classes = {
	};
	objectVersion = 51;
	objects = {

/* Begin PBXBuildFile section */
		3F00D0D4237268220001F364 /* Candidate.storyboard in Resources */ = {isa = PBXBuildFile; fileRef = 3F00D0D3237268220001F364 /* Candidate.storyboard */; };
		3F00D0DD237326A60001F364 /* CandidatesIndexViewModel.swift in Sources */ = {isa = PBXBuildFile; fileRef = 3F00D0DC237326A60001F364 /* CandidatesIndexViewModel.swift */; };
		3F00D0DF237326B10001F364 /* CandidatesIndexViewController.swift in Sources */ = {isa = PBXBuildFile; fileRef = 3F00D0DE237326B10001F364 /* CandidatesIndexViewController.swift */; };
		3F00D0E22373286F0001F364 /* ElectionDateDetail.storyboard in Resources */ = {isa = PBXBuildFile; fileRef = 3F00D0E12373286F0001F364 /* ElectionDateDetail.storyboard */; };
		3F00D0E4237368520001F364 /* CandidatesIndex.storyboard in Resources */ = {isa = PBXBuildFile; fileRef = 3F00D0E3237368520001F364 /* CandidatesIndex.storyboard */; };
		3F00D0E72373696F0001F364 /* CandidatesIndexCollectionViewCell.swift in Sources */ = {isa = PBXBuildFile; fileRef = 3F00D0E52373696F0001F364 /* CandidatesIndexCollectionViewCell.swift */; };
		3F00D0E82373696F0001F364 /* CandidatesIndexCollectionViewCell.xib in Resources */ = {isa = PBXBuildFile; fileRef = 3F00D0E62373696F0001F364 /* CandidatesIndexCollectionViewCell.xib */; };
		3F00D0EA23736E900001F364 /* CandidatesIndexParser.swift in Sources */ = {isa = PBXBuildFile; fileRef = 3F00D0E923736E900001F364 /* CandidatesIndexParser.swift */; };
		3F20530B2374A9EA0055F441 /* Location.swift in Sources */ = {isa = PBXBuildFile; fileRef = 3F20530A2374A9EA0055F441 /* Location.swift */; };
		3F20530D2374AA0D0055F441 /* UserInfoController.swift in Sources */ = {isa = PBXBuildFile; fileRef = 3F20530C2374AA0D0055F441 /* UserInfoController.swift */; };
		3F3018C223749A1C00766FEE /* UserLocationController2.swift in Sources */ = {isa = PBXBuildFile; fileRef = 3F3018C123749A1C00766FEE /* UserLocationController2.swift */; };
		3F33181A2374AADB00C83017 /* UserLocationController.storyboard in Resources */ = {isa = PBXBuildFile; fileRef = 3F3318192374AADB00C83017 /* UserLocationController.storyboard */; };
		3F33181C2374AB0E00C83017 /* UserLocationController.swift in Sources */ = {isa = PBXBuildFile; fileRef = 3F33181B2374AB0E00C83017 /* UserLocationController.swift */; };
		3F33181E2374AB2600C83017 /* UserPartyController.swift in Sources */ = {isa = PBXBuildFile; fileRef = 3F33181D2374AB2600C83017 /* UserPartyController.swift */; };
		3F36121F2373B12000B31F77 /* AddToMyBallotHelper.swift in Sources */ = {isa = PBXBuildFile; fileRef = 3F36121E2373B12000B31F77 /* AddToMyBallotHelper.swift */; };
		3F42AB812370A49100238682 /* ElectionDatesViewController.swift in Sources */ = {isa = PBXBuildFile; fileRef = 3F42AB7F2370A49100238682 /* ElectionDatesViewController.swift */; };
		3F5AB495236F72C400A58E42 /* AppDelegate.swift in Sources */ = {isa = PBXBuildFile; fileRef = 3F5AB494236F72C400A58E42 /* AppDelegate.swift */; };
		3F5AB49C236F72C700A58E42 /* Assets.xcassets in Resources */ = {isa = PBXBuildFile; fileRef = 3F5AB49B236F72C700A58E42 /* Assets.xcassets */; };
		3F5AB49F236F72C700A58E42 /* LaunchScreen.storyboard in Resources */ = {isa = PBXBuildFile; fileRef = 3F5AB49D236F72C700A58E42 /* LaunchScreen.storyboard */; };
		3F5AB4A7236F731700A58E42 /* GoogleService-Info.plist in Resources */ = {isa = PBXBuildFile; fileRef = 3F5AB4A6236F731700A58E42 /* GoogleService-Info.plist */; };
		3F5AB4AA236F89A500A58E42 /* ElectionDate.swift in Sources */ = {isa = PBXBuildFile; fileRef = 3F5AB4A9236F89A500A58E42 /* ElectionDate.swift */; };
		3F5AB4B0236F8EBC00A58E42 /* ElectionDateDetailViewModel.swift in Sources */ = {isa = PBXBuildFile; fileRef = 3F5AB4AF236F8EBC00A58E42 /* ElectionDateDetailViewModel.swift */; };
		3F5AB4C8236F9CF200A58E42 /* ElectionDateDetailViewController.swift in Sources */ = {isa = PBXBuildFile; fileRef = 3F5AB4C7236F9CF200A58E42 /* ElectionDateDetailViewController.swift */; };
		3F5AB4CA2370994000A58E42 /* ElectionDates.storyboard in Resources */ = {isa = PBXBuildFile; fileRef = 3F5AB4C92370994000A58E42 /* ElectionDates.storyboard */; };
		3F68CEC82374A86D0006AC6B /* Main.storyboard in Resources */ = {isa = PBXBuildFile; fileRef = 3F68CEC72374A86D0006AC6B /* Main.storyboard */; };
		3F8912B82372647F00D9B199 /* CandidateViewModel.swift in Sources */ = {isa = PBXBuildFile; fileRef = 3F8912B72372647F00D9B199 /* CandidateViewModel.swift */; };
		3F8912BA2372648E00D9B199 /* CandidateViewController.swift in Sources */ = {isa = PBXBuildFile; fileRef = 3F8912B92372648E00D9B199 /* CandidateViewController.swift */; };
		3FB5824F2370BFE6006024BD /* ElectionDatesParser.swift in Sources */ = {isa = PBXBuildFile; fileRef = 3FB5824E2370BFE6006024BD /* ElectionDatesParser.swift */; };
		3FB582522370E2C8006024BD /* TableViewCell.swift in Sources */ = {isa = PBXBuildFile; fileRef = 3FB582502370E2C8006024BD /* TableViewCell.swift */; };
		3FB582532370E2C8006024BD /* TableViewCell.xib in Resources */ = {isa = PBXBuildFile; fileRef = 3FB582512370E2C8006024BD /* TableViewCell.xib */; };
		3FB5825D2370EC12006024BD /* MyElectionsViewModel.swift in Sources */ = {isa = PBXBuildFile; fileRef = 3FB5825C2370EC12006024BD /* MyElectionsViewModel.swift */; };
		3FB582622370F0E7006024BD /* MyElectionsParser.swift in Sources */ = {isa = PBXBuildFile; fileRef = 3FB582612370F0E7006024BD /* MyElectionsParser.swift */; };
		3FB58267237112E9006024BD /* MyElectionsTableViewCell.swift in Sources */ = {isa = PBXBuildFile; fileRef = 3FB58265237112E9006024BD /* MyElectionsTableViewCell.swift */; };
		3FB58268237112E9006024BD /* MyElectionsTableViewCell.xib in Resources */ = {isa = PBXBuildFile; fileRef = 3FB58266237112E9006024BD /* MyElectionsTableViewCell.xib */; };
		3FB5826A237121AE006024BD /* myBallot.storyboard in Resources */ = {isa = PBXBuildFile; fileRef = 3FB58269237121AE006024BD /* myBallot.storyboard */; };
		3FFD3E2C2372244000B680F9 /* ElectionDatesViewModel.swift in Sources */ = {isa = PBXBuildFile; fileRef = 3F5AB4AC236F8AD800A58E42 /* ElectionDatesViewModel.swift */; };
		3FFD3E2F2372351D00B680F9 /* MyBallotsViewModel.swift in Sources */ = {isa = PBXBuildFile; fileRef = 3FFD3E2E2372351D00B680F9 /* MyBallotsViewModel.swift */; };
		3FFD3E312372352E00B680F9 /* MyBallotsViewController.swift in Sources */ = {isa = PBXBuildFile; fileRef = 3FFD3E302372352E00B680F9 /* MyBallotsViewController.swift */; };
		3FFD3E332372354900B680F9 /* MyBallotsParser.swift in Sources */ = {isa = PBXBuildFile; fileRef = 3FFD3E322372354900B680F9 /* MyBallotsParser.swift */; };
		3FFD3E3523723A2F00B680F9 /* Person.swift in Sources */ = {isa = PBXBuildFile; fileRef = 3FFD3E3423723A2F00B680F9 /* Person.swift */; };
		3FFD3E3A2372446900B680F9 /* MyBallotsTableViewCell.swift in Sources */ = {isa = PBXBuildFile; fileRef = 3FFD3E382372446900B680F9 /* MyBallotsTableViewCell.swift */; };
		3FFD3E3B2372446900B680F9 /* MyBallotsTableViewCell.xib in Resources */ = {isa = PBXBuildFile; fileRef = 3FFD3E392372446900B680F9 /* MyBallotsTableViewCell.xib */; };
		6D097B9F2373BCF700E756DB /* Achievement.swift in Sources */ = {isa = PBXBuildFile; fileRef = 6D097B9E2373BCF700E756DB /* Achievement.swift */; };
		6D097BA12373C94A00E756DB /* UserInfoParser.swift in Sources */ = {isa = PBXBuildFile; fileRef = 6D097BA02373C94A00E756DB /* UserInfoParser.swift */; };
		6D097BA32373CBEA00E756DB /* UserInfoViewModel.swift in Sources */ = {isa = PBXBuildFile; fileRef = 6D097BA22373CBEA00E756DB /* UserInfoViewModel.swift */; };
		6D097BA52373E10700E756DB /* PartyChooseViewController.swift in Sources */ = {isa = PBXBuildFile; fileRef = 6D097BA42373E10700E756DB /* PartyChooseViewController.swift */; };
		6D57021C2373AFF900A7BA0D /* AchievementViewModel.swift in Sources */ = {isa = PBXBuildFile; fileRef = 6D57021B2373AFF900A7BA0D /* AchievementViewModel.swift */; };
		6D57021E2373B0C500A7BA0D /* AchievementsParser.swift in Sources */ = {isa = PBXBuildFile; fileRef = 6D57021D2373B0C500A7BA0D /* AchievementsParser.swift */; };
		6D88EFCF23733793004FFF23 /* UserInfo.storyboard in Resources */ = {isa = PBXBuildFile; fileRef = 6D88EFCE23733793004FFF23 /* UserInfo.storyboard */; };
		6D88EFD12373386F004FFF23 /* AchievementsViewController.swift in Sources */ = {isa = PBXBuildFile; fileRef = 6D88EFD02373386F004FFF23 /* AchievementsViewController.swift */; };
		6D88EFD323733C11004FFF23 /* MyCollectionViewCell.swift in Sources */ = {isa = PBXBuildFile; fileRef = 6D88EFD223733C11004FFF23 /* MyCollectionViewCell.swift */; };
		6D88EFD523733C3F004FFF23 /* MyViewController.swift in Sources */ = {isa = PBXBuildFile; fileRef = 6D88EFD423733C3F004FFF23 /* MyViewController.swift */; };
		8AEA7911B449A15C078BED31 /* Pods_ballotPlanner.framework in Frameworks */ = {isa = PBXBuildFile; fileRef = 2E280B0C56CB18E69F0ABFE1 /* Pods_ballotPlanner.framework */; };
/* End PBXBuildFile section */

/* Begin PBXFileReference section */
		2E280B0C56CB18E69F0ABFE1 /* Pods_ballotPlanner.framework */ = {isa = PBXFileReference; explicitFileType = wrapper.framework; includeInIndex = 0; path = Pods_ballotPlanner.framework; sourceTree = BUILT_PRODUCTS_DIR; };
		3C628B7B7611EB44E84599A8 /* Pods-ballotPlanner.debug.xcconfig */ = {isa = PBXFileReference; includeInIndex = 1; lastKnownFileType = text.xcconfig; name = "Pods-ballotPlanner.debug.xcconfig"; path = "Target Support Files/Pods-ballotPlanner/Pods-ballotPlanner.debug.xcconfig"; sourceTree = "<group>"; };
		3F00D0D3237268220001F364 /* Candidate.storyboard */ = {isa = PBXFileReference; lastKnownFileType = file.storyboard; path = Candidate.storyboard; sourceTree = "<group>"; };
		3F00D0DC237326A60001F364 /* CandidatesIndexViewModel.swift */ = {isa = PBXFileReference; lastKnownFileType = sourcecode.swift; path = CandidatesIndexViewModel.swift; sourceTree = "<group>"; };
		3F00D0DE237326B10001F364 /* CandidatesIndexViewController.swift */ = {isa = PBXFileReference; lastKnownFileType = sourcecode.swift; path = CandidatesIndexViewController.swift; sourceTree = "<group>"; };
		3F00D0E12373286F0001F364 /* ElectionDateDetail.storyboard */ = {isa = PBXFileReference; lastKnownFileType = file.storyboard; path = ElectionDateDetail.storyboard; sourceTree = "<group>"; };
		3F00D0E3237368520001F364 /* CandidatesIndex.storyboard */ = {isa = PBXFileReference; lastKnownFileType = file.storyboard; path = CandidatesIndex.storyboard; sourceTree = "<group>"; };
		3F00D0E52373696F0001F364 /* CandidatesIndexCollectionViewCell.swift */ = {isa = PBXFileReference; lastKnownFileType = sourcecode.swift; path = CandidatesIndexCollectionViewCell.swift; sourceTree = "<group>"; };
		3F00D0E62373696F0001F364 /* CandidatesIndexCollectionViewCell.xib */ = {isa = PBXFileReference; lastKnownFileType = file.xib; path = CandidatesIndexCollectionViewCell.xib; sourceTree = "<group>"; };
		3F00D0E923736E900001F364 /* CandidatesIndexParser.swift */ = {isa = PBXFileReference; lastKnownFileType = sourcecode.swift; path = CandidatesIndexParser.swift; sourceTree = "<group>"; };
		3F20530A2374A9EA0055F441 /* Location.swift */ = {isa = PBXFileReference; lastKnownFileType = sourcecode.swift; path = Location.swift; sourceTree = "<group>"; };
		3F20530C2374AA0D0055F441 /* UserInfoController.swift */ = {isa = PBXFileReference; lastKnownFileType = sourcecode.swift; path = UserInfoController.swift; sourceTree = "<group>"; };
		3F3018C123749A1C00766FEE /* UserLocationController2.swift */ = {isa = PBXFileReference; lastKnownFileType = sourcecode.swift; path = UserLocationController2.swift; sourceTree = "<group>"; };
		3F3318192374AADB00C83017 /* UserLocationController.storyboard */ = {isa = PBXFileReference; lastKnownFileType = file.storyboard; name = UserLocationController.storyboard; path = ../UserLocationController.storyboard; sourceTree = "<group>"; };
		3F33181B2374AB0E00C83017 /* UserLocationController.swift */ = {isa = PBXFileReference; lastKnownFileType = sourcecode.swift; name = UserLocationController.swift; path = ../UserLocationController.swift; sourceTree = "<group>"; };
		3F33181D2374AB2600C83017 /* UserPartyController.swift */ = {isa = PBXFileReference; lastKnownFileType = sourcecode.swift; name = UserPartyController.swift; path = ../UserPartyController.swift; sourceTree = "<group>"; };
		3F36121E2373B12000B31F77 /* AddToMyBallotHelper.swift */ = {isa = PBXFileReference; lastKnownFileType = sourcecode.swift; path = AddToMyBallotHelper.swift; sourceTree = "<group>"; };
		3F42AB7F2370A49100238682 /* ElectionDatesViewController.swift */ = {isa = PBXFileReference; lastKnownFileType = sourcecode.swift; path = ElectionDatesViewController.swift; sourceTree = "<group>"; };
		3F5AB491236F72C400A58E42 /* ballotPlanner.app */ = {isa = PBXFileReference; explicitFileType = wrapper.application; includeInIndex = 0; path = ballotPlanner.app; sourceTree = BUILT_PRODUCTS_DIR; };
		3F5AB494236F72C400A58E42 /* AppDelegate.swift */ = {isa = PBXFileReference; lastKnownFileType = sourcecode.swift; path = AppDelegate.swift; sourceTree = "<group>"; };
		3F5AB49B236F72C700A58E42 /* Assets.xcassets */ = {isa = PBXFileReference; lastKnownFileType = folder.assetcatalog; path = Assets.xcassets; sourceTree = "<group>"; };
		3F5AB49E236F72C700A58E42 /* Base */ = {isa = PBXFileReference; lastKnownFileType = file.storyboard; name = Base; path = Base.lproj/LaunchScreen.storyboard; sourceTree = "<group>"; };
		3F5AB4A0236F72C700A58E42 /* Info.plist */ = {isa = PBXFileReference; lastKnownFileType = text.plist.xml; path = Info.plist; sourceTree = "<group>"; };
		3F5AB4A6236F731700A58E42 /* GoogleService-Info.plist */ = {isa = PBXFileReference; fileEncoding = 4; lastKnownFileType = text.plist.xml; path = "GoogleService-Info.plist"; sourceTree = "<group>"; };
		3F5AB4A9236F89A500A58E42 /* ElectionDate.swift */ = {isa = PBXFileReference; lastKnownFileType = sourcecode.swift; path = ElectionDate.swift; sourceTree = "<group>"; };
		3F5AB4AC236F8AD800A58E42 /* ElectionDatesViewModel.swift */ = {isa = PBXFileReference; lastKnownFileType = sourcecode.swift; path = ElectionDatesViewModel.swift; sourceTree = "<group>"; };
		3F5AB4AF236F8EBC00A58E42 /* ElectionDateDetailViewModel.swift */ = {isa = PBXFileReference; lastKnownFileType = sourcecode.swift; path = ElectionDateDetailViewModel.swift; sourceTree = "<group>"; };
		3F5AB4C7236F9CF200A58E42 /* ElectionDateDetailViewController.swift */ = {isa = PBXFileReference; lastKnownFileType = sourcecode.swift; path = ElectionDateDetailViewController.swift; sourceTree = "<group>"; };
		3F5AB4C92370994000A58E42 /* ElectionDates.storyboard */ = {isa = PBXFileReference; lastKnownFileType = file.storyboard; path = ElectionDates.storyboard; sourceTree = "<group>"; };
		3F68CEC72374A86D0006AC6B /* Main.storyboard */ = {isa = PBXFileReference; lastKnownFileType = file.storyboard; path = Main.storyboard; sourceTree = "<group>"; };
		3F8912B72372647F00D9B199 /* CandidateViewModel.swift */ = {isa = PBXFileReference; lastKnownFileType = sourcecode.swift; path = CandidateViewModel.swift; sourceTree = "<group>"; };
		3F8912B92372648E00D9B199 /* CandidateViewController.swift */ = {isa = PBXFileReference; lastKnownFileType = sourcecode.swift; path = CandidateViewController.swift; sourceTree = "<group>"; };
		3FB5824E2370BFE6006024BD /* ElectionDatesParser.swift */ = {isa = PBXFileReference; lastKnownFileType = sourcecode.swift; path = ElectionDatesParser.swift; sourceTree = "<group>"; };
		3FB582502370E2C8006024BD /* TableViewCell.swift */ = {isa = PBXFileReference; lastKnownFileType = sourcecode.swift; path = TableViewCell.swift; sourceTree = "<group>"; };
		3FB582512370E2C8006024BD /* TableViewCell.xib */ = {isa = PBXFileReference; lastKnownFileType = file.xib; path = TableViewCell.xib; sourceTree = "<group>"; };
		3FB5825C2370EC12006024BD /* MyElectionsViewModel.swift */ = {isa = PBXFileReference; lastKnownFileType = sourcecode.swift; path = MyElectionsViewModel.swift; sourceTree = "<group>"; };
		3FB5825E2370EC53006024BD /* MyElectionsViewController.swift */ = {isa = PBXFileReference; lastKnownFileType = sourcecode.swift; path = MyElectionsViewController.swift; sourceTree = "<group>"; };
		3FB582612370F0E7006024BD /* MyElectionsParser.swift */ = {isa = PBXFileReference; lastKnownFileType = sourcecode.swift; path = MyElectionsParser.swift; sourceTree = "<group>"; };
		3FB58265237112E9006024BD /* MyElectionsTableViewCell.swift */ = {isa = PBXFileReference; lastKnownFileType = sourcecode.swift; path = MyElectionsTableViewCell.swift; sourceTree = "<group>"; };
		3FB58266237112E9006024BD /* MyElectionsTableViewCell.xib */ = {isa = PBXFileReference; lastKnownFileType = file.xib; path = MyElectionsTableViewCell.xib; sourceTree = "<group>"; };
		3FB58269237121AE006024BD /* myBallot.storyboard */ = {isa = PBXFileReference; lastKnownFileType = file.storyboard; path = myBallot.storyboard; sourceTree = "<group>"; };
		3FFD3E2E2372351D00B680F9 /* MyBallotsViewModel.swift */ = {isa = PBXFileReference; lastKnownFileType = sourcecode.swift; path = MyBallotsViewModel.swift; sourceTree = "<group>"; };
		3FFD3E302372352E00B680F9 /* MyBallotsViewController.swift */ = {isa = PBXFileReference; lastKnownFileType = sourcecode.swift; path = MyBallotsViewController.swift; sourceTree = "<group>"; };
		3FFD3E322372354900B680F9 /* MyBallotsParser.swift */ = {isa = PBXFileReference; lastKnownFileType = sourcecode.swift; path = MyBallotsParser.swift; sourceTree = "<group>"; };
		3FFD3E3423723A2F00B680F9 /* Person.swift */ = {isa = PBXFileReference; lastKnownFileType = sourcecode.swift; path = Person.swift; sourceTree = "<group>"; };
		3FFD3E382372446900B680F9 /* MyBallotsTableViewCell.swift */ = {isa = PBXFileReference; lastKnownFileType = sourcecode.swift; path = MyBallotsTableViewCell.swift; sourceTree = "<group>"; };
		3FFD3E392372446900B680F9 /* MyBallotsTableViewCell.xib */ = {isa = PBXFileReference; lastKnownFileType = file.xib; path = MyBallotsTableViewCell.xib; sourceTree = "<group>"; };
		6D097B9C2373BCAC00E756DB /* Achievement.swift */ = {isa = PBXFileReference; lastKnownFileType = sourcecode.swift; name = Achievement.swift; path = /Users/tarunaemani/Desktop/Ballot_Planner/ballotPlanner/Models/Achievement.swift; sourceTree = "<absolute>"; };
		6D097B9E2373BCF700E756DB /* Achievement.swift */ = {isa = PBXFileReference; lastKnownFileType = sourcecode.swift; path = Achievement.swift; sourceTree = "<group>"; };
		6D097BA02373C94A00E756DB /* UserInfoParser.swift */ = {isa = PBXFileReference; lastKnownFileType = sourcecode.swift; name = UserInfoParser.swift; path = ballotPlanner/Parser/UserInfoParser.swift; sourceTree = SOURCE_ROOT; };
		6D097BA22373CBEA00E756DB /* UserInfoViewModel.swift */ = {isa = PBXFileReference; lastKnownFileType = sourcecode.swift; path = UserInfoViewModel.swift; sourceTree = "<group>"; };
		6D097BA42373E10700E756DB /* PartyChooseViewController.swift */ = {isa = PBXFileReference; lastKnownFileType = sourcecode.swift; path = PartyChooseViewController.swift; sourceTree = "<group>"; };
		6D57021B2373AFF900A7BA0D /* AchievementViewModel.swift */ = {isa = PBXFileReference; lastKnownFileType = sourcecode.swift; path = AchievementViewModel.swift; sourceTree = "<group>"; };
		6D57021D2373B0C500A7BA0D /* AchievementsParser.swift */ = {isa = PBXFileReference; lastKnownFileType = sourcecode.swift; path = AchievementsParser.swift; sourceTree = "<group>"; };
		6D88EFCE23733793004FFF23 /* UserInfo.storyboard */ = {isa = PBXFileReference; lastKnownFileType = file.storyboard; path = UserInfo.storyboard; sourceTree = SOURCE_ROOT; };
		6D88EFD02373386F004FFF23 /* AchievementsViewController.swift */ = {isa = PBXFileReference; lastKnownFileType = sourcecode.swift; path = AchievementsViewController.swift; sourceTree = "<group>"; };
		6D88EFD223733C11004FFF23 /* MyCollectionViewCell.swift */ = {isa = PBXFileReference; lastKnownFileType = sourcecode.swift; path = MyCollectionViewCell.swift; sourceTree = "<group>"; };
		6D88EFD423733C3F004FFF23 /* MyViewController.swift */ = {isa = PBXFileReference; lastKnownFileType = sourcecode.swift; path = MyViewController.swift; sourceTree = "<group>"; };
		F4B65065CEABC734A70351D5 /* Pods-ballotPlanner.release.xcconfig */ = {isa = PBXFileReference; includeInIndex = 1; lastKnownFileType = text.xcconfig; name = "Pods-ballotPlanner.release.xcconfig"; path = "Target Support Files/Pods-ballotPlanner/Pods-ballotPlanner.release.xcconfig"; sourceTree = "<group>"; };
/* End PBXFileReference section */

/* Begin PBXFrameworksBuildPhase section */
		3F5AB48E236F72C400A58E42 /* Frameworks */ = {
			isa = PBXFrameworksBuildPhase;
			buildActionMask = 2147483647;
			files = (
				8AEA7911B449A15C078BED31 /* Pods_ballotPlanner.framework in Frameworks */,
			);
			runOnlyForDeploymentPostprocessing = 0;
		};
/* End PBXFrameworksBuildPhase section */

/* Begin PBXGroup section */
		3F00D0DB237326720001F364 /* Candidates Index */ = {
			isa = PBXGroup;
			children = (
				3F00D0E3237368520001F364 /* CandidatesIndex.storyboard */,
				3F00D0DC237326A60001F364 /* CandidatesIndexViewModel.swift */,
				3F00D0DE237326B10001F364 /* CandidatesIndexViewController.swift */,
				3F00D0E52373696F0001F364 /* CandidatesIndexCollectionViewCell.swift */,
				3F00D0E62373696F0001F364 /* CandidatesIndexCollectionViewCell.xib */,
			);
			path = "Candidates Index";
			sourceTree = "<group>";
		};
		3F5AB488236F72C400A58E42 = {
			isa = PBXGroup;
			children = (
				3F5AB493236F72C400A58E42 /* ballotPlanner */,
				3F5AB492236F72C400A58E42 /* Products */,
				569D63D6FCCFB8D6A772A79A /* Pods */,
				B4D5A65D66F9350CA7BA2EAC /* Frameworks */,
			);
			sourceTree = "<group>";
		};
		3F5AB492236F72C400A58E42 /* Products */ = {
			isa = PBXGroup;
			children = (
				3F5AB491236F72C400A58E42 /* ballotPlanner.app */,
			);
			name = Products;
			sourceTree = "<group>";
		};
		3F5AB493236F72C400A58E42 /* ballotPlanner */ = {
			isa = PBXGroup;
			children = (
				3F5AB494236F72C400A58E42 /* AppDelegate.swift */,
				3F68CEC72374A86D0006AC6B /* Main.storyboard */,
				3F8912B62372644A00D9B199 /* Candidate Show */,
				3FB5824B2370BF86006024BD /* Parser */,
				3FB582602370F020006024BD /* Models */,
				3FB582582370E9C3006024BD /* My Ballot Show */,
				3F20530C2374AA0D0055F441 /* UserInfoController.swift */,
				3F20530A2374A9EA0055F441 /* Location.swift */,
				3FB582572370E977006024BD /* Elections */,
				6D88EFCB23731FA0004FFF23 /* User Info */,
				6D88EFCA23731F87004FFF23 /* User Set Up */,
				3F5AB49B236F72C700A58E42 /* Assets.xcassets */,
				3F5AB49D236F72C700A58E42 /* LaunchScreen.storyboard */,
				3F5AB4A0236F72C700A58E42 /* Info.plist */,
				3F5AB4A6236F731700A58E42 /* GoogleService-Info.plist */,
			);
			path = ballotPlanner;
			sourceTree = "<group>";
		};
		3F5AB4B3236F947100A58E42 /* ElectionDates Index */ = {
			isa = PBXGroup;
			children = (
				3F5AB4AC236F8AD800A58E42 /* ElectionDatesViewModel.swift */,
				3F42AB7F2370A49100238682 /* ElectionDatesViewController.swift */,
				3FB582502370E2C8006024BD /* TableViewCell.swift */,
				3FB582512370E2C8006024BD /* TableViewCell.xib */,
			);
			path = "ElectionDates Index";
			sourceTree = "<group>";
		};
		3F5AB4B4236F94AB00A58E42 /* ElectionDate Detail */ = {
			isa = PBXGroup;
			children = (
				3F00D0E12373286F0001F364 /* ElectionDateDetail.storyboard */,
				3F5AB4AF236F8EBC00A58E42 /* ElectionDateDetailViewModel.swift */,
				3F5AB4C7236F9CF200A58E42 /* ElectionDateDetailViewController.swift */,
			);
			path = "ElectionDate Detail";
			sourceTree = "<group>";
		};
		3F8912B62372644A00D9B199 /* Candidate Show */ = {
			isa = PBXGroup;
			children = (
				3F00D0D3237268220001F364 /* Candidate.storyboard */,
				3F8912B72372647F00D9B199 /* CandidateViewModel.swift */,
				3F8912B92372648E00D9B199 /* CandidateViewController.swift */,
			);
			path = "Candidate Show";
			sourceTree = "<group>";
		};
		3FB5824B2370BF86006024BD /* Parser */ = {
			isa = PBXGroup;
			children = (
				3FB5824E2370BFE6006024BD /* ElectionDatesParser.swift */,
				6D57021D2373B0C500A7BA0D /* AchievementsParser.swift */,
				3FB582612370F0E7006024BD /* MyElectionsParser.swift */,
				3FFD3E322372354900B680F9 /* MyBallotsParser.swift */,
				3F00D0E923736E900001F364 /* CandidatesIndexParser.swift */,
				3F36121E2373B12000B31F77 /* AddToMyBallotHelper.swift */,
				6D097BA02373C94A00E756DB /* UserInfoParser.swift */,
			);
			path = Parser;
			sourceTree = "<group>";
		};
		3FB582572370E977006024BD /* Elections */ = {
			isa = PBXGroup;
			children = (
				3F5AB4C92370994000A58E42 /* ElectionDates.storyboard */,
				3F5AB4B3236F947100A58E42 /* ElectionDates Index */,
				3F00D0DB237326720001F364 /* Candidates Index */,
				3F5AB4B4236F94AB00A58E42 /* ElectionDate Detail */,
			);
			path = Elections;
			sourceTree = "<group>";
		};
		3FB582582370E9C3006024BD /* My Ballot Show */ = {
			isa = PBXGroup;
			children = (
				3FB58269237121AE006024BD /* myBallot.storyboard */,
				3FB582592370EB14006024BD /* MyElections */,
			);
			path = "My Ballot Show";
			sourceTree = "<group>";
		};
		3FB582592370EB14006024BD /* MyElections */ = {
			isa = PBXGroup;
			children = (
				3FB5825C2370EC12006024BD /* MyElectionsViewModel.swift */,
				3FB5825E2370EC53006024BD /* MyElectionsViewController.swift */,
				3FB58265237112E9006024BD /* MyElectionsTableViewCell.swift */,
				3FB58266237112E9006024BD /* MyElectionsTableViewCell.xib */,
				3FFD3E2D237234D300B680F9 /* MyBallots */,
			);
			path = MyElections;
			sourceTree = "<group>";
		};
		3FB582602370F020006024BD /* Models */ = {
			isa = PBXGroup;
			children = (
				3F5AB4A9236F89A500A58E42 /* ElectionDate.swift */,
				3FFD3E3423723A2F00B680F9 /* Person.swift */,
				6D097B9C2373BCAC00E756DB /* Achievement.swift */,
				6D097B9E2373BCF700E756DB /* Achievement.swift */,
			);
			path = Models;
			sourceTree = "<group>";
		};
		3FFD3E2D237234D300B680F9 /* MyBallots */ = {
			isa = PBXGroup;
			children = (
				3FFD3E2E2372351D00B680F9 /* MyBallotsViewModel.swift */,
				3FFD3E302372352E00B680F9 /* MyBallotsViewController.swift */,
				3FFD3E382372446900B680F9 /* MyBallotsTableViewCell.swift */,
				3FFD3E392372446900B680F9 /* MyBallotsTableViewCell.xib */,
			);
			path = MyBallots;
			sourceTree = "<group>";
		};
		569D63D6FCCFB8D6A772A79A /* Pods */ = {
			isa = PBXGroup;
			children = (
				3C628B7B7611EB44E84599A8 /* Pods-ballotPlanner.debug.xcconfig */,
				F4B65065CEABC734A70351D5 /* Pods-ballotPlanner.release.xcconfig */,
			);
			path = Pods;
			sourceTree = "<group>";
		};
		6D88EFCA23731F87004FFF23 /* User Set Up */ = {
			isa = PBXGroup;
			children = (
				3F33181B2374AB0E00C83017 /* UserLocationController.swift */,
				3F3318192374AADB00C83017 /* UserLocationController.storyboard */,
				3F33181D2374AB2600C83017 /* UserPartyController.swift */,
			);
			path = "User Set Up";
			sourceTree = "<group>";
		};
		6D88EFCB23731FA0004FFF23 /* User Info */ = {
			isa = PBXGroup;
			children = (
				6D097BA22373CBEA00E756DB /* UserInfoViewModel.swift */,
				6D88EFD02373386F004FFF23 /* AchievementsViewController.swift */,
				6D097BA42373E10700E756DB /* PartyChooseViewController.swift */,
				6D88EFD223733C11004FFF23 /* MyCollectionViewCell.swift */,
				6D88EFD423733C3F004FFF23 /* MyViewController.swift */,
				6D57021B2373AFF900A7BA0D /* AchievementViewModel.swift */,
				6D88EFCE23733793004FFF23 /* UserInfo.storyboard */,
				3F3018C123749A1C00766FEE /* UserLocationController2.swift */,
			);
			path = "User Info";
			sourceTree = "<group>";
		};
		B4D5A65D66F9350CA7BA2EAC /* Frameworks */ = {
			isa = PBXGroup;
			children = (
				2E280B0C56CB18E69F0ABFE1 /* Pods_ballotPlanner.framework */,
			);
			name = Frameworks;
			sourceTree = "<group>";
		};
/* End PBXGroup section */

/* Begin PBXNativeTarget section */
		3F5AB490236F72C400A58E42 /* ballotPlanner */ = {
			isa = PBXNativeTarget;
			buildConfigurationList = 3F5AB4A3236F72C700A58E42 /* Build configuration list for PBXNativeTarget "ballotPlanner" */;
			buildPhases = (
				9EFF5FBF7EDE54F5F313C4A8 /* [CP] Check Pods Manifest.lock */,
				3F5AB48D236F72C400A58E42 /* Sources */,
				3F5AB48E236F72C400A58E42 /* Frameworks */,
				3F5AB48F236F72C400A58E42 /* Resources */,
				E7B2917DCC7F6562E4A48316 /* [CP] Embed Pods Frameworks */,
			);
			buildRules = (
			);
			dependencies = (
			);
			name = ballotPlanner;
			productName = ballotPlanner;
			productReference = 3F5AB491236F72C400A58E42 /* ballotPlanner.app */;
			productType = "com.apple.product-type.application";
		};
/* End PBXNativeTarget section */

/* Begin PBXProject section */
		3F5AB489236F72C400A58E42 /* Project object */ = {
			isa = PBXProject;
			attributes = {
				LastSwiftUpdateCheck = 1030;
				LastUpgradeCheck = 1030;
				ORGANIZATIONNAME = "Erika Giuse";
				TargetAttributes = {
					3F5AB490236F72C400A58E42 = {
						CreatedOnToolsVersion = 10.3;
						LastSwiftMigration = 1030;
					};
				};
			};
			buildConfigurationList = 3F5AB48C236F72C400A58E42 /* Build configuration list for PBXProject "ballotPlanner" */;
			compatibilityVersion = "Xcode 9.3";
			developmentRegion = en;
			hasScannedForEncodings = 0;
			knownRegions = (
				en,
				Base,
			);
			mainGroup = 3F5AB488236F72C400A58E42;
			productRefGroup = 3F5AB492236F72C400A58E42 /* Products */;
			projectDirPath = "";
			projectRoot = "";
			targets = (
				3F5AB490236F72C400A58E42 /* ballotPlanner */,
			);
		};
/* End PBXProject section */

/* Begin PBXResourcesBuildPhase section */
		3F5AB48F236F72C400A58E42 /* Resources */ = {
			isa = PBXResourcesBuildPhase;
			buildActionMask = 2147483647;
			files = (
				3F00D0E22373286F0001F364 /* ElectionDateDetail.storyboard in Resources */,
				3F5AB49F236F72C700A58E42 /* LaunchScreen.storyboard in Resources */,
				3FB582532370E2C8006024BD /* TableViewCell.xib in Resources */,
				6D88EFCF23733793004FFF23 /* UserInfo.storyboard in Resources */,
				3FB58268237112E9006024BD /* MyElectionsTableViewCell.xib in Resources */,
				3F5AB4CA2370994000A58E42 /* ElectionDates.storyboard in Resources */,
				3F68CEC82374A86D0006AC6B /* Main.storyboard in Resources */,
				3F5AB4A7236F731700A58E42 /* GoogleService-Info.plist in Resources */,
				3F00D0D4237268220001F364 /* Candidate.storyboard in Resources */,
				3F5AB49C236F72C700A58E42 /* Assets.xcassets in Resources */,
				3F00D0E4237368520001F364 /* CandidatesIndex.storyboard in Resources */,
				3FB5826A237121AE006024BD /* myBallot.storyboard in Resources */,
				3FFD3E3B2372446900B680F9 /* MyBallotsTableViewCell.xib in Resources */,
				3F00D0E82373696F0001F364 /* CandidatesIndexCollectionViewCell.xib in Resources */,
				3F33181A2374AADB00C83017 /* UserLocationController.storyboard in Resources */,
			);
			runOnlyForDeploymentPostprocessing = 0;
		};
/* End PBXResourcesBuildPhase section */

/* Begin PBXShellScriptBuildPhase section */
		9EFF5FBF7EDE54F5F313C4A8 /* [CP] Check Pods Manifest.lock */ = {
			isa = PBXShellScriptBuildPhase;
			buildActionMask = 2147483647;
			files = (
			);
			inputFileListPaths = (
			);
			inputPaths = (
				"${PODS_PODFILE_DIR_PATH}/Podfile.lock",
				"${PODS_ROOT}/Manifest.lock",
			);
			name = "[CP] Check Pods Manifest.lock";
			outputFileListPaths = (
			);
			outputPaths = (
				"$(DERIVED_FILE_DIR)/Pods-ballotPlanner-checkManifestLockResult.txt",
			);
			runOnlyForDeploymentPostprocessing = 0;
			shellPath = /bin/sh;
			shellScript = "diff \"${PODS_PODFILE_DIR_PATH}/Podfile.lock\" \"${PODS_ROOT}/Manifest.lock\" > /dev/null\nif [ $? != 0 ] ; then\n    # print error to STDERR\n    echo \"error: The sandbox is not in sync with the Podfile.lock. Run 'pod install' or update your CocoaPods installation.\" >&2\n    exit 1\nfi\n# This output is used by Xcode 'outputs' to avoid re-running this script phase.\necho \"SUCCESS\" > \"${SCRIPT_OUTPUT_FILE_0}\"\n";
			showEnvVarsInLog = 0;
		};
		E7B2917DCC7F6562E4A48316 /* [CP] Embed Pods Frameworks */ = {
			isa = PBXShellScriptBuildPhase;
			buildActionMask = 2147483647;
			files = (
			);
			inputFileListPaths = (
				"${PODS_ROOT}/Target Support Files/Pods-ballotPlanner/Pods-ballotPlanner-frameworks-${CONFIGURATION}-input-files.xcfilelist",
			);
			name = "[CP] Embed Pods Frameworks";
			outputFileListPaths = (
				"${PODS_ROOT}/Target Support Files/Pods-ballotPlanner/Pods-ballotPlanner-frameworks-${CONFIGURATION}-output-files.xcfilelist",
			);
			runOnlyForDeploymentPostprocessing = 0;
			shellPath = /bin/sh;
			shellScript = "\"${PODS_ROOT}/Target Support Files/Pods-ballotPlanner/Pods-ballotPlanner-frameworks.sh\"\n";
			showEnvVarsInLog = 0;
		};
/* End PBXShellScriptBuildPhase section */

/* Begin PBXSourcesBuildPhase section */
		3F5AB48D236F72C400A58E42 /* Sources */ = {
			isa = PBXSourcesBuildPhase;
			buildActionMask = 2147483647;
			files = (
				3FFD3E332372354900B680F9 /* MyBallotsParser.swift in Sources */,
				6D88EFD12373386F004FFF23 /* AchievementsViewController.swift in Sources */,
				3FFD3E2C2372244000B680F9 /* ElectionDatesViewModel.swift in Sources */,
				3FB582622370F0E7006024BD /* MyElectionsParser.swift in Sources */,
				3F5AB4C8236F9CF200A58E42 /* ElectionDateDetailViewController.swift in Sources */,
				3F33181E2374AB2600C83017 /* UserPartyController.swift in Sources */,
				3F8912BA2372648E00D9B199 /* CandidateViewController.swift in Sources */,
				3FB582522370E2C8006024BD /* TableViewCell.swift in Sources */,
				3FFD3E3A2372446900B680F9 /* MyBallotsTableViewCell.swift in Sources */,
				6D097BA52373E10700E756DB /* PartyChooseViewController.swift in Sources */,
				6D097B9F2373BCF700E756DB /* Achievement.swift in Sources */,
				6D88EFD323733C11004FFF23 /* MyCollectionViewCell.swift in Sources */,
				3FB58267237112E9006024BD /* MyElectionsTableViewCell.swift in Sources */,
				3FFD3E312372352E00B680F9 /* MyBallotsViewController.swift in Sources */,
				3FFD3E3523723A2F00B680F9 /* Person.swift in Sources */,
				3F00D0DF237326B10001F364 /* CandidatesIndexViewController.swift in Sources */,
				3F20530B2374A9EA0055F441 /* Location.swift in Sources */,
				3F42AB812370A49100238682 /* ElectionDatesViewController.swift in Sources */,
				3FB5825D2370EC12006024BD /* MyElectionsViewModel.swift in Sources */,
				3F00D0DD237326A60001F364 /* CandidatesIndexViewModel.swift in Sources */,
				3F33181C2374AB0E00C83017 /* UserLocationController.swift in Sources */,
				6D88EFD523733C3F004FFF23 /* MyViewController.swift in Sources */,
				6D57021E2373B0C500A7BA0D /* AchievementsParser.swift in Sources */,
				3F5AB4B0236F8EBC00A58E42 /* ElectionDateDetailViewModel.swift in Sources */,
				3FFD3E2F2372351D00B680F9 /* MyBallotsViewModel.swift in Sources */,
				3F5AB495236F72C400A58E42 /* AppDelegate.swift in Sources */,
				3F36121F2373B12000B31F77 /* AddToMyBallotHelper.swift in Sources */,
				3F20530D2374AA0D0055F441 /* UserInfoController.swift in Sources */,
				3F8912B82372647F00D9B199 /* CandidateViewModel.swift in Sources */,
				6D097BA32373CBEA00E756DB /* UserInfoViewModel.swift in Sources */,
				6D57021C2373AFF900A7BA0D /* AchievementViewModel.swift in Sources */,
				6D097BA12373C94A00E756DB /* UserInfoParser.swift in Sources */,
				3FB5824F2370BFE6006024BD /* ElectionDatesParser.swift in Sources */,
				3F00D0E72373696F0001F364 /* CandidatesIndexCollectionViewCell.swift in Sources */,
				3F00D0EA23736E900001F364 /* CandidatesIndexParser.swift in Sources */,
				3F3018C223749A1C00766FEE /* UserLocationController2.swift in Sources */,
				3F5AB4AA236F89A500A58E42 /* ElectionDate.swift in Sources */,
			);
			runOnlyForDeploymentPostprocessing = 0;
		};
/* End PBXSourcesBuildPhase section */

/* Begin PBXVariantGroup section */
		3F5AB49D236F72C700A58E42 /* LaunchScreen.storyboard */ = {
			isa = PBXVariantGroup;
			children = (
				3F5AB49E236F72C700A58E42 /* Base */,
			);
			name = LaunchScreen.storyboard;
			sourceTree = "<group>";
		};
/* End PBXVariantGroup section */

/* Begin XCBuildConfiguration section */
		3F5AB4A1236F72C700A58E42 /* Debug */ = {
			isa = XCBuildConfiguration;
			buildSettings = {
				ALWAYS_SEARCH_USER_PATHS = NO;
				CLANG_ANALYZER_NONNULL = YES;
				CLANG_ANALYZER_NUMBER_OBJECT_CONVERSION = YES_AGGRESSIVE;
				CLANG_CXX_LANGUAGE_STANDARD = "gnu++14";
				CLANG_CXX_LIBRARY = "libc++";
				CLANG_ENABLE_MODULES = YES;
				CLANG_ENABLE_OBJC_ARC = YES;
				CLANG_ENABLE_OBJC_WEAK = YES;
				CLANG_WARN_BLOCK_CAPTURE_AUTORELEASING = YES;
				CLANG_WARN_BOOL_CONVERSION = YES;
				CLANG_WARN_COMMA = YES;
				CLANG_WARN_CONSTANT_CONVERSION = YES;
				CLANG_WARN_DEPRECATED_OBJC_IMPLEMENTATIONS = YES;
				CLANG_WARN_DIRECT_OBJC_ISA_USAGE = YES_ERROR;
				CLANG_WARN_DOCUMENTATION_COMMENTS = YES;
				CLANG_WARN_EMPTY_BODY = YES;
				CLANG_WARN_ENUM_CONVERSION = YES;
				CLANG_WARN_INFINITE_RECURSION = YES;
				CLANG_WARN_INT_CONVERSION = YES;
				CLANG_WARN_NON_LITERAL_NULL_CONVERSION = YES;
				CLANG_WARN_OBJC_IMPLICIT_RETAIN_SELF = YES;
				CLANG_WARN_OBJC_LITERAL_CONVERSION = YES;
				CLANG_WARN_OBJC_ROOT_CLASS = YES_ERROR;
				CLANG_WARN_RANGE_LOOP_ANALYSIS = YES;
				CLANG_WARN_STRICT_PROTOTYPES = YES;
				CLANG_WARN_SUSPICIOUS_MOVE = YES;
				CLANG_WARN_UNGUARDED_AVAILABILITY = YES_AGGRESSIVE;
				CLANG_WARN_UNREACHABLE_CODE = YES;
				CLANG_WARN__DUPLICATE_METHOD_MATCH = YES;
				CODE_SIGN_IDENTITY = "iPhone Developer";
				COPY_PHASE_STRIP = NO;
				DEBUG_INFORMATION_FORMAT = dwarf;
				ENABLE_STRICT_OBJC_MSGSEND = YES;
				ENABLE_TESTABILITY = YES;
				GCC_C_LANGUAGE_STANDARD = gnu11;
				GCC_DYNAMIC_NO_PIC = NO;
				GCC_NO_COMMON_BLOCKS = YES;
				GCC_OPTIMIZATION_LEVEL = 0;
				GCC_PREPROCESSOR_DEFINITIONS = (
					"DEBUG=1",
					"$(inherited)",
				);
				GCC_WARN_64_TO_32_BIT_CONVERSION = YES;
				GCC_WARN_ABOUT_RETURN_TYPE = YES_ERROR;
				GCC_WARN_UNDECLARED_SELECTOR = YES;
				GCC_WARN_UNINITIALIZED_AUTOS = YES_AGGRESSIVE;
				GCC_WARN_UNUSED_FUNCTION = YES;
				GCC_WARN_UNUSED_VARIABLE = YES;
				IPHONEOS_DEPLOYMENT_TARGET = 12.4;
				MTL_ENABLE_DEBUG_INFO = INCLUDE_SOURCE;
				MTL_FAST_MATH = YES;
				ONLY_ACTIVE_ARCH = YES;
				SDKROOT = iphoneos;
				SWIFT_ACTIVE_COMPILATION_CONDITIONS = DEBUG;
				SWIFT_OPTIMIZATION_LEVEL = "-Onone";
			};
			name = Debug;
		};
		3F5AB4A2236F72C700A58E42 /* Release */ = {
			isa = XCBuildConfiguration;
			buildSettings = {
				ALWAYS_SEARCH_USER_PATHS = NO;
				CLANG_ANALYZER_NONNULL = YES;
				CLANG_ANALYZER_NUMBER_OBJECT_CONVERSION = YES_AGGRESSIVE;
				CLANG_CXX_LANGUAGE_STANDARD = "gnu++14";
				CLANG_CXX_LIBRARY = "libc++";
				CLANG_ENABLE_MODULES = YES;
				CLANG_ENABLE_OBJC_ARC = YES;
				CLANG_ENABLE_OBJC_WEAK = YES;
				CLANG_WARN_BLOCK_CAPTURE_AUTORELEASING = YES;
				CLANG_WARN_BOOL_CONVERSION = YES;
				CLANG_WARN_COMMA = YES;
				CLANG_WARN_CONSTANT_CONVERSION = YES;
				CLANG_WARN_DEPRECATED_OBJC_IMPLEMENTATIONS = YES;
				CLANG_WARN_DIRECT_OBJC_ISA_USAGE = YES_ERROR;
				CLANG_WARN_DOCUMENTATION_COMMENTS = YES;
				CLANG_WARN_EMPTY_BODY = YES;
				CLANG_WARN_ENUM_CONVERSION = YES;
				CLANG_WARN_INFINITE_RECURSION = YES;
				CLANG_WARN_INT_CONVERSION = YES;
				CLANG_WARN_NON_LITERAL_NULL_CONVERSION = YES;
				CLANG_WARN_OBJC_IMPLICIT_RETAIN_SELF = YES;
				CLANG_WARN_OBJC_LITERAL_CONVERSION = YES;
				CLANG_WARN_OBJC_ROOT_CLASS = YES_ERROR;
				CLANG_WARN_RANGE_LOOP_ANALYSIS = YES;
				CLANG_WARN_STRICT_PROTOTYPES = YES;
				CLANG_WARN_SUSPICIOUS_MOVE = YES;
				CLANG_WARN_UNGUARDED_AVAILABILITY = YES_AGGRESSIVE;
				CLANG_WARN_UNREACHABLE_CODE = YES;
				CLANG_WARN__DUPLICATE_METHOD_MATCH = YES;
				CODE_SIGN_IDENTITY = "iPhone Developer";
				COPY_PHASE_STRIP = NO;
				DEBUG_INFORMATION_FORMAT = "dwarf-with-dsym";
				ENABLE_NS_ASSERTIONS = NO;
				ENABLE_STRICT_OBJC_MSGSEND = YES;
				GCC_C_LANGUAGE_STANDARD = gnu11;
				GCC_NO_COMMON_BLOCKS = YES;
				GCC_WARN_64_TO_32_BIT_CONVERSION = YES;
				GCC_WARN_ABOUT_RETURN_TYPE = YES_ERROR;
				GCC_WARN_UNDECLARED_SELECTOR = YES;
				GCC_WARN_UNINITIALIZED_AUTOS = YES_AGGRESSIVE;
				GCC_WARN_UNUSED_FUNCTION = YES;
				GCC_WARN_UNUSED_VARIABLE = YES;
				IPHONEOS_DEPLOYMENT_TARGET = 12.4;
				MTL_ENABLE_DEBUG_INFO = NO;
				MTL_FAST_MATH = YES;
				SDKROOT = iphoneos;
				SWIFT_COMPILATION_MODE = wholemodule;
				SWIFT_OPTIMIZATION_LEVEL = "-O";
				VALIDATE_PRODUCT = YES;
			};
			name = Release;
		};
		3F5AB4A4236F72C700A58E42 /* Debug */ = {
			isa = XCBuildConfiguration;
			baseConfigurationReference = 3C628B7B7611EB44E84599A8 /* Pods-ballotPlanner.debug.xcconfig */;
			buildSettings = {
				ASSETCATALOG_COMPILER_APPICON_NAME = AppIcon;
				CODE_SIGN_STYLE = Automatic;
				DEVELOPMENT_TEAM = RMKJ5888TK;
				INFOPLIST_FILE = ballotPlanner/Info.plist;
				LD_RUNPATH_SEARCH_PATHS = (
					"$(inherited)",
					"@executable_path/Frameworks",
				);
				PRODUCT_BUNDLE_IDENTIFIER = com.egiuse.ballotPlanner;
				PRODUCT_NAME = "$(TARGET_NAME)";
				SWIFT_VERSION = 5.0;
				TARGETED_DEVICE_FAMILY = "1,2";
			};
			name = Debug;
		};
		3F5AB4A5236F72C700A58E42 /* Release */ = {
			isa = XCBuildConfiguration;
			baseConfigurationReference = F4B65065CEABC734A70351D5 /* Pods-ballotPlanner.release.xcconfig */;
			buildSettings = {
				ASSETCATALOG_COMPILER_APPICON_NAME = AppIcon;
				CODE_SIGN_STYLE = Automatic;
				DEVELOPMENT_TEAM = RMKJ5888TK;
				INFOPLIST_FILE = ballotPlanner/Info.plist;
				LD_RUNPATH_SEARCH_PATHS = (
					"$(inherited)",
					"@executable_path/Frameworks",
				);
				PRODUCT_BUNDLE_IDENTIFIER = com.egiuse.ballotPlanner;
				PRODUCT_NAME = "$(TARGET_NAME)";
				SWIFT_VERSION = 5.0;
				TARGETED_DEVICE_FAMILY = "1,2";
			};
			name = Release;
		};
/* End XCBuildConfiguration section */

/* Begin XCConfigurationList section */
		3F5AB48C236F72C400A58E42 /* Build configuration list for PBXProject "ballotPlanner" */ = {
			isa = XCConfigurationList;
			buildConfigurations = (
				3F5AB4A1236F72C700A58E42 /* Debug */,
				3F5AB4A2236F72C700A58E42 /* Release */,
			);
			defaultConfigurationIsVisible = 0;
			defaultConfigurationName = Release;
		};
		3F5AB4A3236F72C700A58E42 /* Build configuration list for PBXNativeTarget "ballotPlanner" */ = {
			isa = XCConfigurationList;
			buildConfigurations = (
				3F5AB4A4236F72C700A58E42 /* Debug */,
				3F5AB4A5236F72C700A58E42 /* Release */,
			);
			defaultConfigurationIsVisible = 0;
			defaultConfigurationName = Release;
		};
/* End XCConfigurationList section */
	};
	rootObject = 3F5AB489236F72C400A58E42 /* Project object */;
}
