// !$*UTF8*$!
{
	archiveVersion = 1;
	classes = {
	};
	objectVersion = 51;
	objects = {

/* Begin PBXBuildFile section */
		3F3018C223749A1C00766FEE /* UserLocationController2.swift in Sources */ = {isa = PBXBuildFile; fileRef = 3F3018C123749A1C00766FEE /* UserLocationController2.swift */; };
		3F42AB812370A49100238682 /* ElectionDatesViewController.swift in Sources */ = {isa = PBXBuildFile; fileRef = 3F42AB7F2370A49100238682 /* ElectionDatesViewController.swift */; };
		3F5AB495236F72C400A58E42 /* AppDelegate.swift in Sources */ = {isa = PBXBuildFile; fileRef = 3F5AB494236F72C400A58E42 /* AppDelegate.swift */; };
		3F5AB49A236F72C400A58E42 /* Main.storyboard in Resources */ = {isa = PBXBuildFile; fileRef = 3F5AB498236F72C400A58E42 /* Main.storyboard */; };
		3F5AB49C236F72C700A58E42 /* Assets.xcassets in Resources */ = {isa = PBXBuildFile; fileRef = 3F5AB49B236F72C700A58E42 /* Assets.xcassets */; };
		3F5AB49F236F72C700A58E42 /* LaunchScreen.storyboard in Resources */ = {isa = PBXBuildFile; fileRef = 3F5AB49D236F72C700A58E42 /* LaunchScreen.storyboard */; };
		3F5AB4A7236F731700A58E42 /* GoogleService-Info.plist in Resources */ = {isa = PBXBuildFile; fileRef = 3F5AB4A6236F731700A58E42 /* GoogleService-Info.plist */; };
		3F5AB4AA236F89A500A58E42 /* ElectionDate.swift in Sources */ = {isa = PBXBuildFile; fileRef = 3F5AB4A9236F89A500A58E42 /* ElectionDate.swift */; };
		3F5AB4B0236F8EBC00A58E42 /* ElectionDateDetailViewModel.swift in Sources */ = {isa = PBXBuildFile; fileRef = 3F5AB4AF236F8EBC00A58E42 /* ElectionDateDetailViewModel.swift */; };
		3F5AB4C8236F9CF200A58E42 /* ElectionDateDetailViewController.swift in Sources */ = {isa = PBXBuildFile; fileRef = 3F5AB4C7236F9CF200A58E42 /* ElectionDateDetailViewController.swift */; };
		3F5AB4CA2370994000A58E42 /* ElectionDates.storyboard in Resources */ = {isa = PBXBuildFile; fileRef = 3F5AB4C92370994000A58E42 /* ElectionDates.storyboard */; };
		3FB5824F2370BFE6006024BD /* ElectionDatesParser.swift in Sources */ = {isa = PBXBuildFile; fileRef = 3FB5824E2370BFE6006024BD /* ElectionDatesParser.swift */; };
		3FB582522370E2C8006024BD /* TableViewCell.swift in Sources */ = {isa = PBXBuildFile; fileRef = 3FB582502370E2C8006024BD /* TableViewCell.swift */; };
		3FB582532370E2C8006024BD /* TableViewCell.xib in Resources */ = {isa = PBXBuildFile; fileRef = 3FB582512370E2C8006024BD /* TableViewCell.xib */; };
		3FB5825D2370EC12006024BD /* MyElectionsViewModel.swift in Sources */ = {isa = PBXBuildFile; fileRef = 3FB5825C2370EC12006024BD /* MyElectionsViewModel.swift */; };
		3FB582622370F0E7006024BD /* MyElectionsParser.swift in Sources */ = {isa = PBXBuildFile; fileRef = 3FB582612370F0E7006024BD /* MyElectionsParser.swift */; };
		3FB5826423710FF9006024BD /* Person.swift in Sources */ = {isa = PBXBuildFile; fileRef = 3FB5826323710FF9006024BD /* Person.swift */; };
		3FB58267237112E9006024BD /* MyElectionsTableViewCell.swift in Sources */ = {isa = PBXBuildFile; fileRef = 3FB58265237112E9006024BD /* MyElectionsTableViewCell.swift */; };
		3FB58268237112E9006024BD /* MyElectionsTableViewCell.xib in Resources */ = {isa = PBXBuildFile; fileRef = 3FB58266237112E9006024BD /* MyElectionsTableViewCell.xib */; };
		3FB5826A237121AE006024BD /* myBallot.storyboard in Resources */ = {isa = PBXBuildFile; fileRef = 3FB58269237121AE006024BD /* myBallot.storyboard */; };
		3FFD3E2C2372244000B680F9 /* ElectionDatesViewModel.swift in Sources */ = {isa = PBXBuildFile; fileRef = 3F5AB4AC236F8AD800A58E42 /* ElectionDatesViewModel.swift */; };
		6D07D480237539CA00ABC19E /* ballotPlannerParserTests.swift in Sources */ = {isa = PBXBuildFile; fileRef = 6D07D47F237539CA00ABC19E /* ballotPlannerParserTests.swift */; };
		6D07D48823753C0800ABC19E /* Achievement.swift in Sources */ = {isa = PBXBuildFile; fileRef = 6D097B9E2373BCF700E756DB /* Achievement.swift */; };
		6D07D48923753DF600ABC19E /* ElectionDatesParser.swift in Sources */ = {isa = PBXBuildFile; fileRef = 3FB5824E2370BFE6006024BD /* ElectionDatesParser.swift */; };
		6D07D48A23753DFB00ABC19E /* MyElectionsParser.swift in Sources */ = {isa = PBXBuildFile; fileRef = 3FB582612370F0E7006024BD /* MyElectionsParser.swift */; };
		6D07D48B23753DFF00ABC19E /* UserInfoParser.swift in Sources */ = {isa = PBXBuildFile; fileRef = 6D097BA02373C94A00E756DB /* UserInfoParser.swift */; };
		6D07D48C2375402900ABC19E /* ElectionDate.swift in Sources */ = {isa = PBXBuildFile; fileRef = 3F5AB4A9236F89A500A58E42 /* ElectionDate.swift */; };
		6D07D494237540E500ABC19E /* ballotPlannerModelTests.swift in Sources */ = {isa = PBXBuildFile; fileRef = 6D07D493237540E500ABC19E /* ballotPlannerModelTests.swift */; };
		6D07D49B237540F600ABC19E /* Location.swift in Sources */ = {isa = PBXBuildFile; fileRef = 6D88EFC0236F9618004FFF23 /* Location.swift */; };
		6D07D49C237540F800ABC19E /* ElectionDate.swift in Sources */ = {isa = PBXBuildFile; fileRef = 3F5AB4A9236F89A500A58E42 /* ElectionDate.swift */; };
		6D07D49D237540FB00ABC19E /* Person.swift in Sources */ = {isa = PBXBuildFile; fileRef = 3FB5826323710FF9006024BD /* Person.swift */; };
		6D07D49E2375410000ABC19E /* Achievement.swift in Sources */ = {isa = PBXBuildFile; fileRef = 6D097B9E2373BCF700E756DB /* Achievement.swift */; };
		6D097B9F2373BCF700E756DB /* Achievement.swift in Sources */ = {isa = PBXBuildFile; fileRef = 6D097B9E2373BCF700E756DB /* Achievement.swift */; };
		6D097BA12373C94A00E756DB /* UserInfoParser.swift in Sources */ = {isa = PBXBuildFile; fileRef = 6D097BA02373C94A00E756DB /* UserInfoParser.swift */; };
		6D097BA32373CBEA00E756DB /* UserInfoViewModel.swift in Sources */ = {isa = PBXBuildFile; fileRef = 6D097BA22373CBEA00E756DB /* UserInfoViewModel.swift */; };
		6D097BA52373E10700E756DB /* PartyChooseViewController.swift in Sources */ = {isa = PBXBuildFile; fileRef = 6D097BA42373E10700E756DB /* PartyChooseViewController.swift */; };
		6D16B7332375A099008245BE /* ballotPlannerViewModelTests.swift in Sources */ = {isa = PBXBuildFile; fileRef = 6D16B7322375A099008245BE /* ballotPlannerViewModelTests.swift */; };
		6D16B73B2375A598008245BE /* ElectionDatesViewModelTests.swift in Sources */ = {isa = PBXBuildFile; fileRef = 6D16B73A2375A598008245BE /* ElectionDatesViewModelTests.swift */; };
		6D16B73D2375A7FE008245BE /* UserInfoViewModelTests.swift in Sources */ = {isa = PBXBuildFile; fileRef = 6D16B73C2375A7FE008245BE /* UserInfoViewModelTests.swift */; };
		6D16B73F2375A9AA008245BE /* AchievementsViewModelTests.swift in Sources */ = {isa = PBXBuildFile; fileRef = 6D16B73E2375A9AA008245BE /* AchievementsViewModelTests.swift */; };
		6D16B7412375B4EA008245BE /* ElectionDateDetailViewModelTests.swift in Sources */ = {isa = PBXBuildFile; fileRef = 6D16B7402375B4EA008245BE /* ElectionDateDetailViewModelTests.swift */; };
		6D57021C2373AFF900A7BA0D /* AchievementViewModel.swift in Sources */ = {isa = PBXBuildFile; fileRef = 6D57021B2373AFF900A7BA0D /* AchievementViewModel.swift */; };
		6D57021E2373B0C500A7BA0D /* AchievementsParser.swift in Sources */ = {isa = PBXBuildFile; fileRef = 6D57021D2373B0C500A7BA0D /* AchievementsParser.swift */; };
		6D88EFBD236F95D1004FFF23 /* UserLocationController.swift in Sources */ = {isa = PBXBuildFile; fileRef = 6D88EFBC236F95D1004FFF23 /* UserLocationController.swift */; };
		6D88EFBF236F95EA004FFF23 /* UserPartyController.swift in Sources */ = {isa = PBXBuildFile; fileRef = 6D88EFBE236F95EA004FFF23 /* UserPartyController.swift */; };
		6D88EFC1236F9618004FFF23 /* Location.swift in Sources */ = {isa = PBXBuildFile; fileRef = 6D88EFC0236F9618004FFF23 /* Location.swift */; };
		6D88EFC52371C469004FFF23 /* UserLocationController.storyboard in Resources */ = {isa = PBXBuildFile; fileRef = 6D88EFC42371C469004FFF23 /* UserLocationController.storyboard */; };
		6D88EFC923720542004FFF23 /* UserInfoController.swift in Sources */ = {isa = PBXBuildFile; fileRef = 6D88EFC823720542004FFF23 /* UserInfoController.swift */; };
		6D88EFCF23733793004FFF23 /* UserInfo.storyboard in Resources */ = {isa = PBXBuildFile; fileRef = 6D88EFCE23733793004FFF23 /* UserInfo.storyboard */; };
		6D88EFD12373386F004FFF23 /* AchievementsViewController.swift in Sources */ = {isa = PBXBuildFile; fileRef = 6D88EFD02373386F004FFF23 /* AchievementsViewController.swift */; };
		6D88EFD323733C11004FFF23 /* MyCollectionViewCell.swift in Sources */ = {isa = PBXBuildFile; fileRef = 6D88EFD223733C11004FFF23 /* MyCollectionViewCell.swift */; };
		6D88EFD523733C3F004FFF23 /* MyViewController.swift in Sources */ = {isa = PBXBuildFile; fileRef = 6D88EFD423733C3F004FFF23 /* MyViewController.swift */; };
		8AEA7911B449A15C078BED31 /* Pods_ballotPlanner.framework in Frameworks */ = {isa = PBXBuildFile; fileRef = 2E280B0C56CB18E69F0ABFE1 /* Pods_ballotPlanner.framework */; };
		BC49E9459C2BFEA15C2389D5 /* libPods-ballotPlannerParserTests.a in Frameworks */ = {isa = PBXBuildFile; fileRef = 20F172F8CB098804291D306B /* libPods-ballotPlannerParserTests.a */; };
		E446CA10B9D58196DD1C0405 /* libPods-ballotPlannerViewModelTests.a in Frameworks */ = {isa = PBXBuildFile; fileRef = 8F1E39AE2FAE74D4CF84678F /* libPods-ballotPlannerViewModelTests.a */; };
/* End PBXBuildFile section */

/* Begin PBXContainerItemProxy section */
		6D07D482237539CA00ABC19E /* PBXContainerItemProxy */ = {
			isa = PBXContainerItemProxy;
			containerPortal = 3F5AB489236F72C400A58E42 /* Project object */;
			proxyType = 1;
			remoteGlobalIDString = 3F5AB490236F72C400A58E42;
			remoteInfo = ballotPlanner;
		};
		6D07D496237540E500ABC19E /* PBXContainerItemProxy */ = {
			isa = PBXContainerItemProxy;
			containerPortal = 3F5AB489236F72C400A58E42 /* Project object */;
			proxyType = 1;
			remoteGlobalIDString = 3F5AB490236F72C400A58E42;
			remoteInfo = ballotPlanner;
		};
		6D16B7352375A099008245BE /* PBXContainerItemProxy */ = {
			isa = PBXContainerItemProxy;
			containerPortal = 3F5AB489236F72C400A58E42 /* Project object */;
			proxyType = 1;
			remoteGlobalIDString = 3F5AB490236F72C400A58E42;
			remoteInfo = ballotPlanner;
		};
/* End PBXContainerItemProxy section */

/* Begin PBXFileReference section */
		0F62BB8FD6D9ED84E8B126E3 /* Pods-ballotPlannerParserTests.release.xcconfig */ = {isa = PBXFileReference; includeInIndex = 1; lastKnownFileType = text.xcconfig; name = "Pods-ballotPlannerParserTests.release.xcconfig"; path = "Target Support Files/Pods-ballotPlannerParserTests/Pods-ballotPlannerParserTests.release.xcconfig"; sourceTree = "<group>"; };
		20F172F8CB098804291D306B /* libPods-ballotPlannerParserTests.a */ = {isa = PBXFileReference; explicitFileType = archive.ar; includeInIndex = 0; path = "libPods-ballotPlannerParserTests.a"; sourceTree = BUILT_PRODUCTS_DIR; };
		2E280B0C56CB18E69F0ABFE1 /* Pods_ballotPlanner.framework */ = {isa = PBXFileReference; explicitFileType = wrapper.framework; includeInIndex = 0; path = Pods_ballotPlanner.framework; sourceTree = BUILT_PRODUCTS_DIR; };
		3BD00250728C1CC1AB19DA9D /* Pods-ballotPlannerParserTests.debug.xcconfig */ = {isa = PBXFileReference; includeInIndex = 1; lastKnownFileType = text.xcconfig; name = "Pods-ballotPlannerParserTests.debug.xcconfig"; path = "Target Support Files/Pods-ballotPlannerParserTests/Pods-ballotPlannerParserTests.debug.xcconfig"; sourceTree = "<group>"; };
		3C628B7B7611EB44E84599A8 /* Pods-ballotPlanner.debug.xcconfig */ = {isa = PBXFileReference; includeInIndex = 1; lastKnownFileType = text.xcconfig; name = "Pods-ballotPlanner.debug.xcconfig"; path = "Target Support Files/Pods-ballotPlanner/Pods-ballotPlanner.debug.xcconfig"; sourceTree = "<group>"; };
		3F3018C123749A1C00766FEE /* UserLocationController2.swift */ = {isa = PBXFileReference; lastKnownFileType = sourcecode.swift; path = UserLocationController2.swift; sourceTree = "<group>"; };
		3F42AB7F2370A49100238682 /* ElectionDatesViewController.swift */ = {isa = PBXFileReference; lastKnownFileType = sourcecode.swift; path = ElectionDatesViewController.swift; sourceTree = "<group>"; };
		3F5AB491236F72C400A58E42 /* ballotPlanner.app */ = {isa = PBXFileReference; explicitFileType = wrapper.application; includeInIndex = 0; path = ballotPlanner.app; sourceTree = BUILT_PRODUCTS_DIR; };
		3F5AB494236F72C400A58E42 /* AppDelegate.swift */ = {isa = PBXFileReference; lastKnownFileType = sourcecode.swift; path = AppDelegate.swift; sourceTree = "<group>"; };
		3F5AB499236F72C400A58E42 /* Base */ = {isa = PBXFileReference; lastKnownFileType = file.storyboard; name = Base; path = Base.lproj/Main.storyboard; sourceTree = "<group>"; };
		3F5AB49B236F72C700A58E42 /* Assets.xcassets */ = {isa = PBXFileReference; lastKnownFileType = folder.assetcatalog; path = Assets.xcassets; sourceTree = "<group>"; };
		3F5AB49E236F72C700A58E42 /* Base */ = {isa = PBXFileReference; lastKnownFileType = file.storyboard; name = Base; path = Base.lproj/LaunchScreen.storyboard; sourceTree = "<group>"; };
		3F5AB4A0236F72C700A58E42 /* Info.plist */ = {isa = PBXFileReference; lastKnownFileType = text.plist.xml; path = Info.plist; sourceTree = "<group>"; };
		3F5AB4A6236F731700A58E42 /* GoogleService-Info.plist */ = {isa = PBXFileReference; fileEncoding = 4; lastKnownFileType = text.plist.xml; path = "GoogleService-Info.plist"; sourceTree = "<group>"; };
		3F5AB4A9236F89A500A58E42 /* ElectionDate.swift */ = {isa = PBXFileReference; lastKnownFileType = sourcecode.swift; path = ElectionDate.swift; sourceTree = "<group>"; };
		3F5AB4AC236F8AD800A58E42 /* ElectionDatesViewModel.swift */ = {isa = PBXFileReference; lastKnownFileType = sourcecode.swift; path = ElectionDatesViewModel.swift; sourceTree = "<group>"; };
		3F5AB4AF236F8EBC00A58E42 /* ElectionDateDetailViewModel.swift */ = {isa = PBXFileReference; lastKnownFileType = sourcecode.swift; path = ElectionDateDetailViewModel.swift; sourceTree = "<group>"; };
		3F5AB4C7236F9CF200A58E42 /* ElectionDateDetailViewController.swift */ = {isa = PBXFileReference; lastKnownFileType = sourcecode.swift; path = ElectionDateDetailViewController.swift; sourceTree = "<group>"; };
		3F5AB4C92370994000A58E42 /* ElectionDates.storyboard */ = {isa = PBXFileReference; lastKnownFileType = file.storyboard; path = ElectionDates.storyboard; sourceTree = "<group>"; };
		3FB5824E2370BFE6006024BD /* ElectionDatesParser.swift */ = {isa = PBXFileReference; lastKnownFileType = sourcecode.swift; path = ElectionDatesParser.swift; sourceTree = "<group>"; };
		3FB582502370E2C8006024BD /* TableViewCell.swift */ = {isa = PBXFileReference; lastKnownFileType = sourcecode.swift; path = TableViewCell.swift; sourceTree = "<group>"; };
		3FB582512370E2C8006024BD /* TableViewCell.xib */ = {isa = PBXFileReference; lastKnownFileType = file.xib; path = TableViewCell.xib; sourceTree = "<group>"; };
		3FB5825C2370EC12006024BD /* MyElectionsViewModel.swift */ = {isa = PBXFileReference; lastKnownFileType = sourcecode.swift; path = MyElectionsViewModel.swift; sourceTree = "<group>"; };
		3FB5825E2370EC53006024BD /* MyElectionsViewController.swift */ = {isa = PBXFileReference; lastKnownFileType = sourcecode.swift; path = MyElectionsViewController.swift; sourceTree = "<group>"; };
		3FB582612370F0E7006024BD /* MyElectionsParser.swift */ = {isa = PBXFileReference; lastKnownFileType = sourcecode.swift; path = MyElectionsParser.swift; sourceTree = "<group>"; };
		3FB5826323710FF9006024BD /* Person.swift */ = {isa = PBXFileReference; lastKnownFileType = sourcecode.swift; path = Person.swift; sourceTree = "<group>"; };
		3FB58265237112E9006024BD /* MyElectionsTableViewCell.swift */ = {isa = PBXFileReference; lastKnownFileType = sourcecode.swift; path = MyElectionsTableViewCell.swift; sourceTree = "<group>"; };
		3FB58266237112E9006024BD /* MyElectionsTableViewCell.xib */ = {isa = PBXFileReference; lastKnownFileType = file.xib; path = MyElectionsTableViewCell.xib; sourceTree = "<group>"; };
		3FB58269237121AE006024BD /* myBallot.storyboard */ = {isa = PBXFileReference; lastKnownFileType = file.storyboard; path = myBallot.storyboard; sourceTree = "<group>"; };
		6D07D47D237539CA00ABC19E /* ballotPlannerParserTests.xctest */ = {isa = PBXFileReference; explicitFileType = wrapper.cfbundle; includeInIndex = 0; path = ballotPlannerParserTests.xctest; sourceTree = BUILT_PRODUCTS_DIR; };
		6D07D47F237539CA00ABC19E /* ballotPlannerParserTests.swift */ = {isa = PBXFileReference; lastKnownFileType = sourcecode.swift; path = ballotPlannerParserTests.swift; sourceTree = "<group>"; };
		6D07D481237539CA00ABC19E /* Info.plist */ = {isa = PBXFileReference; lastKnownFileType = text.plist.xml; path = Info.plist; sourceTree = "<group>"; };
		6D07D491237540E500ABC19E /* ballotPlannerModelTests.xctest */ = {isa = PBXFileReference; explicitFileType = wrapper.cfbundle; includeInIndex = 0; path = ballotPlannerModelTests.xctest; sourceTree = BUILT_PRODUCTS_DIR; };
		6D07D493237540E500ABC19E /* ballotPlannerModelTests.swift */ = {isa = PBXFileReference; lastKnownFileType = sourcecode.swift; path = ballotPlannerModelTests.swift; sourceTree = "<group>"; };
		6D07D495237540E500ABC19E /* Info.plist */ = {isa = PBXFileReference; lastKnownFileType = text.plist.xml; path = Info.plist; sourceTree = "<group>"; };
		6D097B9C2373BCAC00E756DB /* Achievement.swift */ = {isa = PBXFileReference; lastKnownFileType = sourcecode.swift; name = Achievement.swift; path = /Users/tarunaemani/Desktop/Ballot_Planner/ballotPlanner/Models/Achievement.swift; sourceTree = "<absolute>"; };
		6D097B9E2373BCF700E756DB /* Achievement.swift */ = {isa = PBXFileReference; lastKnownFileType = sourcecode.swift; path = Achievement.swift; sourceTree = "<group>"; };
		6D097BA02373C94A00E756DB /* UserInfoParser.swift */ = {isa = PBXFileReference; lastKnownFileType = sourcecode.swift; name = UserInfoParser.swift; path = ballotPlanner/Parser/UserInfoParser.swift; sourceTree = SOURCE_ROOT; };
		6D097BA22373CBEA00E756DB /* UserInfoViewModel.swift */ = {isa = PBXFileReference; lastKnownFileType = sourcecode.swift; path = UserInfoViewModel.swift; sourceTree = "<group>"; };
		6D097BA42373E10700E756DB /* PartyChooseViewController.swift */ = {isa = PBXFileReference; lastKnownFileType = sourcecode.swift; path = PartyChooseViewController.swift; sourceTree = "<group>"; };
		6D16B7302375A099008245BE /* ballotPlannerViewModelTests.xctest */ = {isa = PBXFileReference; explicitFileType = wrapper.cfbundle; includeInIndex = 0; path = ballotPlannerViewModelTests.xctest; sourceTree = BUILT_PRODUCTS_DIR; };
		6D16B7322375A099008245BE /* ballotPlannerViewModelTests.swift */ = {isa = PBXFileReference; lastKnownFileType = sourcecode.swift; path = ballotPlannerViewModelTests.swift; sourceTree = "<group>"; };
		6D16B7342375A099008245BE /* Info.plist */ = {isa = PBXFileReference; lastKnownFileType = text.plist.xml; path = Info.plist; sourceTree = "<group>"; };
		6D16B73A2375A598008245BE /* ElectionDatesViewModelTests.swift */ = {isa = PBXFileReference; lastKnownFileType = sourcecode.swift; path = ElectionDatesViewModelTests.swift; sourceTree = "<group>"; };
		6D16B73C2375A7FE008245BE /* UserInfoViewModelTests.swift */ = {isa = PBXFileReference; lastKnownFileType = sourcecode.swift; path = UserInfoViewModelTests.swift; sourceTree = "<group>"; };
		6D16B73E2375A9AA008245BE /* AchievementsViewModelTests.swift */ = {isa = PBXFileReference; lastKnownFileType = sourcecode.swift; path = AchievementsViewModelTests.swift; sourceTree = "<group>"; };
		6D16B7402375B4EA008245BE /* ElectionDateDetailViewModelTests.swift */ = {isa = PBXFileReference; lastKnownFileType = sourcecode.swift; path = ElectionDateDetailViewModelTests.swift; sourceTree = "<group>"; };
		6D57021B2373AFF900A7BA0D /* AchievementViewModel.swift */ = {isa = PBXFileReference; lastKnownFileType = sourcecode.swift; path = AchievementViewModel.swift; sourceTree = "<group>"; };
		6D57021D2373B0C500A7BA0D /* AchievementsParser.swift */ = {isa = PBXFileReference; lastKnownFileType = sourcecode.swift; path = AchievementsParser.swift; sourceTree = "<group>"; };
		6D88EFBC236F95D1004FFF23 /* UserLocationController.swift */ = {isa = PBXFileReference; lastKnownFileType = sourcecode.swift; path = UserLocationController.swift; sourceTree = "<group>"; };
		6D88EFBE236F95EA004FFF23 /* UserPartyController.swift */ = {isa = PBXFileReference; lastKnownFileType = sourcecode.swift; path = UserPartyController.swift; sourceTree = "<group>"; };
		6D88EFC0236F9618004FFF23 /* Location.swift */ = {isa = PBXFileReference; lastKnownFileType = sourcecode.swift; path = Location.swift; sourceTree = "<group>"; };
		6D88EFC42371C469004FFF23 /* UserLocationController.storyboard */ = {isa = PBXFileReference; lastKnownFileType = file.storyboard; path = UserLocationController.storyboard; sourceTree = "<group>"; };
		6D88EFC823720542004FFF23 /* UserInfoController.swift */ = {isa = PBXFileReference; lastKnownFileType = sourcecode.swift; path = UserInfoController.swift; sourceTree = "<group>"; };
		6D88EFCE23733793004FFF23 /* UserInfo.storyboard */ = {isa = PBXFileReference; lastKnownFileType = file.storyboard; path = UserInfo.storyboard; sourceTree = SOURCE_ROOT; };
		6D88EFD02373386F004FFF23 /* AchievementsViewController.swift */ = {isa = PBXFileReference; lastKnownFileType = sourcecode.swift; path = AchievementsViewController.swift; sourceTree = "<group>"; };
		6D88EFD223733C11004FFF23 /* MyCollectionViewCell.swift */ = {isa = PBXFileReference; lastKnownFileType = sourcecode.swift; path = MyCollectionViewCell.swift; sourceTree = "<group>"; };
		6D88EFD423733C3F004FFF23 /* MyViewController.swift */ = {isa = PBXFileReference; lastKnownFileType = sourcecode.swift; path = MyViewController.swift; sourceTree = "<group>"; };
		8F1E39AE2FAE74D4CF84678F /* libPods-ballotPlannerViewModelTests.a */ = {isa = PBXFileReference; explicitFileType = archive.ar; includeInIndex = 0; path = "libPods-ballotPlannerViewModelTests.a"; sourceTree = BUILT_PRODUCTS_DIR; };
		C60942CCD634D97C788480F5 /* Pods-ballotPlannerViewModelTests.release.xcconfig */ = {isa = PBXFileReference; includeInIndex = 1; lastKnownFileType = text.xcconfig; name = "Pods-ballotPlannerViewModelTests.release.xcconfig"; path = "Target Support Files/Pods-ballotPlannerViewModelTests/Pods-ballotPlannerViewModelTests.release.xcconfig"; sourceTree = "<group>"; };
		F18F7DF6481E32AEAEA0EBF7 /* Pods-ballotPlannerViewModelTests.debug.xcconfig */ = {isa = PBXFileReference; includeInIndex = 1; lastKnownFileType = text.xcconfig; name = "Pods-ballotPlannerViewModelTests.debug.xcconfig"; path = "Target Support Files/Pods-ballotPlannerViewModelTests/Pods-ballotPlannerViewModelTests.debug.xcconfig"; sourceTree = "<group>"; };
		F4B65065CEABC734A70351D5 /* Pods-ballotPlanner.release.xcconfig */ = {isa = PBXFileReference; includeInIndex = 1; lastKnownFileType = text.xcconfig; name = "Pods-ballotPlanner.release.xcconfig"; path = "Target Support Files/Pods-ballotPlanner/Pods-ballotPlanner.release.xcconfig"; sourceTree = "<group>"; };
/* End PBXFileReference section */

/* Begin PBXFrameworksBuildPhase section */
		3F5AB48E236F72C400A58E42 /* Frameworks */ = {
			isa = PBXFrameworksBuildPhase;
			buildActionMask = 2147483647;
			files = (
				8AEA7911B449A15C078BED31 /* Pods_ballotPlanner.framework in Frameworks */,
			);
			runOnlyForDeploymentPostprocessing = 0;
		};
		6D07D47A237539CA00ABC19E /* Frameworks */ = {
			isa = PBXFrameworksBuildPhase;
			buildActionMask = 2147483647;
			files = (
				BC49E9459C2BFEA15C2389D5 /* libPods-ballotPlannerParserTests.a in Frameworks */,
			);
			runOnlyForDeploymentPostprocessing = 0;
		};
		6D07D48E237540E500ABC19E /* Frameworks */ = {
			isa = PBXFrameworksBuildPhase;
			buildActionMask = 2147483647;
			files = (
			);
			runOnlyForDeploymentPostprocessing = 0;
		};
		6D16B72D2375A099008245BE /* Frameworks */ = {
			isa = PBXFrameworksBuildPhase;
			buildActionMask = 2147483647;
			files = (
				E446CA10B9D58196DD1C0405 /* libPods-ballotPlannerViewModelTests.a in Frameworks */,
			);
			runOnlyForDeploymentPostprocessing = 0;
		};
/* End PBXFrameworksBuildPhase section */

/* Begin PBXGroup section */
		3F5AB488236F72C400A58E42 = {
			isa = PBXGroup;
			children = (
				3F5AB493236F72C400A58E42 /* ballotPlanner */,
				6D07D47E237539CA00ABC19E /* ballotPlannerParserTests */,
				6D07D492237540E500ABC19E /* ballotPlannerModelTests */,
				6D16B7312375A099008245BE /* ballotPlannerViewModelTests */,
				3F5AB492236F72C400A58E42 /* Products */,
				569D63D6FCCFB8D6A772A79A /* Pods */,
				B4D5A65D66F9350CA7BA2EAC /* Frameworks */,
			);
			sourceTree = "<group>";
		};
		3F5AB492236F72C400A58E42 /* Products */ = {
			isa = PBXGroup;
			children = (
				3F5AB491236F72C400A58E42 /* ballotPlanner.app */,
				6D07D47D237539CA00ABC19E /* ballotPlannerParserTests.xctest */,
				6D07D491237540E500ABC19E /* ballotPlannerModelTests.xctest */,
				6D16B7302375A099008245BE /* ballotPlannerViewModelTests.xctest */,
			);
			name = Products;
			sourceTree = "<group>";
		};
		3F5AB493236F72C400A58E42 /* ballotPlanner */ = {
			isa = PBXGroup;
			children = (
				3F5AB494236F72C400A58E42 /* AppDelegate.swift */,
				3F5AB498236F72C400A58E42 /* Main.storyboard */,
				3FB5824B2370BF86006024BD /* Parser */,
				3FB582602370F020006024BD /* Models */,
				3FB582582370E9C3006024BD /* My Ballot Show */,
				3FB582572370E977006024BD /* Election Show */,
				6D88EFCB23731FA0004FFF23 /* User Info */,
				6D88EFCA23731F87004FFF23 /* User Set Up */,
				3F5AB49B236F72C700A58E42 /* Assets.xcassets */,
				3F5AB4A0236F72C700A58E42 /* Info.plist */,
				3F5AB4A6236F731700A58E42 /* GoogleService-Info.plist */,
			);
			path = ballotPlanner;
			sourceTree = "<group>";
		};
		3F5AB4B3236F947100A58E42 /* ElectionDates */ = {
			isa = PBXGroup;
			children = (
				3F5AB4AC236F8AD800A58E42 /* ElectionDatesViewModel.swift */,
				3F42AB7F2370A49100238682 /* ElectionDatesViewController.swift */,
				3FB582502370E2C8006024BD /* TableViewCell.swift */,
				3FB582512370E2C8006024BD /* TableViewCell.xib */,
			);
			path = ElectionDates;
			sourceTree = "<group>";
		};
		3F5AB4B4236F94AB00A58E42 /* ElectionDate Detail */ = {
			isa = PBXGroup;
			children = (
				3F5AB4AF236F8EBC00A58E42 /* ElectionDateDetailViewModel.swift */,
				3F5AB4C7236F9CF200A58E42 /* ElectionDateDetailViewController.swift */,
			);
			path = "ElectionDate Detail";
			sourceTree = "<group>";
		};
		3FB5824B2370BF86006024BD /* Parser */ = {
			isa = PBXGroup;
			children = (
				3FB5824E2370BFE6006024BD /* ElectionDatesParser.swift */,
				6D57021D2373B0C500A7BA0D /* AchievementsParser.swift */,
				3FB582612370F0E7006024BD /* MyElectionsParser.swift */,
				6D097BA02373C94A00E756DB /* UserInfoParser.swift */,
			);
			path = Parser;
			sourceTree = "<group>";
		};
		3FB582572370E977006024BD /* Election Show */ = {
			isa = PBXGroup;
			children = (
				3F5AB4C92370994000A58E42 /* ElectionDates.storyboard */,
				3F5AB4B3236F947100A58E42 /* ElectionDates */,
				3F5AB4B4236F94AB00A58E42 /* ElectionDate Detail */,
			);
			path = "Election Show";
			sourceTree = "<group>";
		};
		3FB582582370E9C3006024BD /* My Ballot Show */ = {
			isa = PBXGroup;
			children = (
				3FB58269237121AE006024BD /* myBallot.storyboard */,
				3FB582592370EB14006024BD /* MyElections */,
			);
			path = "My Ballot Show";
			sourceTree = "<group>";
		};
		3FB582592370EB14006024BD /* MyElections */ = {
			isa = PBXGroup;
			children = (
				3FB5825C2370EC12006024BD /* MyElectionsViewModel.swift */,
				3FB5825E2370EC53006024BD /* MyElectionsViewController.swift */,
				3FB58265237112E9006024BD /* MyElectionsTableViewCell.swift */,
				3FB58266237112E9006024BD /* MyElectionsTableViewCell.xib */,
			);
			path = MyElections;
			sourceTree = "<group>";
		};
		3FB582602370F020006024BD /* Models */ = {
			isa = PBXGroup;
			children = (
				6D88EFC0236F9618004FFF23 /* Location.swift */,
				3F5AB4A9236F89A500A58E42 /* ElectionDate.swift */,
				3FB5826323710FF9006024BD /* Person.swift */,
				6D097B9C2373BCAC00E756DB /* Achievement.swift */,
				6D097B9E2373BCF700E756DB /* Achievement.swift */,
			);
			path = Models;
			sourceTree = "<group>";
		};
		569D63D6FCCFB8D6A772A79A /* Pods */ = {
			isa = PBXGroup;
			children = (
				3C628B7B7611EB44E84599A8 /* Pods-ballotPlanner.debug.xcconfig */,
				F4B65065CEABC734A70351D5 /* Pods-ballotPlanner.release.xcconfig */,
				3BD00250728C1CC1AB19DA9D /* Pods-ballotPlannerParserTests.debug.xcconfig */,
				0F62BB8FD6D9ED84E8B126E3 /* Pods-ballotPlannerParserTests.release.xcconfig */,
				F18F7DF6481E32AEAEA0EBF7 /* Pods-ballotPlannerViewModelTests.debug.xcconfig */,
				C60942CCD634D97C788480F5 /* Pods-ballotPlannerViewModelTests.release.xcconfig */,
			);
			path = Pods;
			sourceTree = "<group>";
		};
		6D07D47E237539CA00ABC19E /* ballotPlannerParserTests */ = {
			isa = PBXGroup;
			children = (
				6D07D47F237539CA00ABC19E /* ballotPlannerParserTests.swift */,
				6D07D481237539CA00ABC19E /* Info.plist */,
			);
			path = ballotPlannerParserTests;
			sourceTree = "<group>";
		};
		6D07D492237540E500ABC19E /* ballotPlannerModelTests */ = {
			isa = PBXGroup;
			children = (
				6D07D493237540E500ABC19E /* ballotPlannerModelTests.swift */,
				6D07D495237540E500ABC19E /* Info.plist */,
			);
			path = ballotPlannerModelTests;
			sourceTree = "<group>";
		};
		6D16B7312375A099008245BE /* ballotPlannerViewModelTests */ = {
			isa = PBXGroup;
			children = (
				6D16B7322375A099008245BE /* ballotPlannerViewModelTests.swift */,
				6D16B73A2375A598008245BE /* ElectionDatesViewModelTests.swift */,
				6D16B73E2375A9AA008245BE /* AchievementsViewModelTests.swift */,
				6D16B7402375B4EA008245BE /* ElectionDateDetailViewModelTests.swift */,
				6D16B73C2375A7FE008245BE /* UserInfoViewModelTests.swift */,
				6D16B7342375A099008245BE /* Info.plist */,
			);
			path = ballotPlannerViewModelTests;
			sourceTree = "<group>";
		};
		6D88EFCA23731F87004FFF23 /* User Set Up */ = {
			isa = PBXGroup;
			children = (
				6D88EFBE236F95EA004FFF23 /* UserPartyController.swift */,
				6D88EFBC236F95D1004FFF23 /* UserLocationController.swift */,
				6D88EFC42371C469004FFF23 /* UserLocationController.storyboard */,
			);
			path = "User Set Up";
			sourceTree = "<group>";
		};
		6D88EFCB23731FA0004FFF23 /* User Info */ = {
			isa = PBXGroup;
			children = (
				6D88EFC823720542004FFF23 /* UserInfoController.swift */,
				6D097BA22373CBEA00E756DB /* UserInfoViewModel.swift */,
				6D88EFD02373386F004FFF23 /* AchievementsViewController.swift */,
				6D097BA42373E10700E756DB /* PartyChooseViewController.swift */,
				6D88EFD223733C11004FFF23 /* MyCollectionViewCell.swift */,
				6D88EFD423733C3F004FFF23 /* MyViewController.swift */,
				6D57021B2373AFF900A7BA0D /* AchievementViewModel.swift */,
				6D88EFCE23733793004FFF23 /* UserInfo.storyboard */,
				3F5AB49D236F72C700A58E42 /* LaunchScreen.storyboard */,
				3F3018C123749A1C00766FEE /* UserLocationController2.swift */,
			);
			path = "User Info";
			sourceTree = "<group>";
		};
		B4D5A65D66F9350CA7BA2EAC /* Frameworks */ = {
			isa = PBXGroup;
			children = (
				2E280B0C56CB18E69F0ABFE1 /* Pods_ballotPlanner.framework */,
				20F172F8CB098804291D306B /* libPods-ballotPlannerParserTests.a */,
				8F1E39AE2FAE74D4CF84678F /* libPods-ballotPlannerViewModelTests.a */,
			);
			name = Frameworks;
			sourceTree = "<group>";
		};
/* End PBXGroup section */

/* Begin PBXNativeTarget section */
		3F5AB490236F72C400A58E42 /* ballotPlanner */ = {
			isa = PBXNativeTarget;
			buildConfigurationList = 3F5AB4A3236F72C700A58E42 /* Build configuration list for PBXNativeTarget "ballotPlanner" */;
			buildPhases = (
				9EFF5FBF7EDE54F5F313C4A8 /* [CP] Check Pods Manifest.lock */,
				3F5AB48D236F72C400A58E42 /* Sources */,
				3F5AB48E236F72C400A58E42 /* Frameworks */,
				3F5AB48F236F72C400A58E42 /* Resources */,
				E7B2917DCC7F6562E4A48316 /* [CP] Embed Pods Frameworks */,
			);
			buildRules = (
			);
			dependencies = (
			);
			name = ballotPlanner;
			productName = ballotPlanner;
			productReference = 3F5AB491236F72C400A58E42 /* ballotPlanner.app */;
			productType = "com.apple.product-type.application";
		};
		6D07D47C237539CA00ABC19E /* ballotPlannerParserTests */ = {
			isa = PBXNativeTarget;
			buildConfigurationList = 6D07D484237539CA00ABC19E /* Build configuration list for PBXNativeTarget "ballotPlannerParserTests" */;
			buildPhases = (
				830CC71639781848E3649777 /* [CP] Check Pods Manifest.lock */,
				6D07D479237539CA00ABC19E /* Sources */,
				6D07D47A237539CA00ABC19E /* Frameworks */,
				6D07D47B237539CA00ABC19E /* Resources */,
				0EAE0429A6170B084849A617 /* [CP] Copy Pods Resources */,
			);
			buildRules = (
			);
			dependencies = (
				6D07D483237539CA00ABC19E /* PBXTargetDependency */,
			);
			name = ballotPlannerParserTests;
			productName = ballotPlannerParserTests;
			productReference = 6D07D47D237539CA00ABC19E /* ballotPlannerParserTests.xctest */;
			productType = "com.apple.product-type.bundle.unit-test";
		};
		6D07D490237540E500ABC19E /* ballotPlannerModelTests */ = {
			isa = PBXNativeTarget;
			buildConfigurationList = 6D07D498237540E500ABC19E /* Build configuration list for PBXNativeTarget "ballotPlannerModelTests" */;
			buildPhases = (
				6D07D48D237540E500ABC19E /* Sources */,
				6D07D48E237540E500ABC19E /* Frameworks */,
				6D07D48F237540E500ABC19E /* Resources */,
			);
			buildRules = (
			);
			dependencies = (
				6D07D497237540E500ABC19E /* PBXTargetDependency */,
			);
			name = ballotPlannerModelTests;
			productName = ballotPlannerModelTests;
			productReference = 6D07D491237540E500ABC19E /* ballotPlannerModelTests.xctest */;
			productType = "com.apple.product-type.bundle.unit-test";
		};
		6D16B72F2375A099008245BE /* ballotPlannerViewModelTests */ = {
			isa = PBXNativeTarget;
			buildConfigurationList = 6D16B7392375A099008245BE /* Build configuration list for PBXNativeTarget "ballotPlannerViewModelTests" */;
			buildPhases = (
				77C680816AF035394A9C46F1 /* [CP] Check Pods Manifest.lock */,
				6D16B72C2375A099008245BE /* Sources */,
				6D16B72D2375A099008245BE /* Frameworks */,
				6D16B72E2375A099008245BE /* Resources */,
				483A5B27E38AA2D05199F61F /* [CP] Copy Pods Resources */,
			);
			buildRules = (
			);
			dependencies = (
				6D16B7362375A099008245BE /* PBXTargetDependency */,
			);
			name = ballotPlannerViewModelTests;
			productName = ballotPlannerViewModelTests;
			productReference = 6D16B7302375A099008245BE /* ballotPlannerViewModelTests.xctest */;
			productType = "com.apple.product-type.bundle.unit-test";
		};
/* End PBXNativeTarget section */

/* Begin PBXProject section */
		3F5AB489236F72C400A58E42 /* Project object */ = {
			isa = PBXProject;
			attributes = {
				DefaultBuildSystemTypeForWorkspace = Original;
				LastSwiftUpdateCheck = 1030;
				LastUpgradeCheck = 1030;
				ORGANIZATIONNAME = "Erika Giuse";
				TargetAttributes = {
					3F5AB490236F72C400A58E42 = {
						CreatedOnToolsVersion = 10.3;
						LastSwiftMigration = 1030;
					};
					6D07D47C237539CA00ABC19E = {
						CreatedOnToolsVersion = 10.3;
						TestTargetID = 3F5AB490236F72C400A58E42;
					};
					6D07D490237540E500ABC19E = {
						CreatedOnToolsVersion = 10.3;
						TestTargetID = 3F5AB490236F72C400A58E42;
					};
					6D16B72F2375A099008245BE = {
						CreatedOnToolsVersion = 10.3;
						TestTargetID = 3F5AB490236F72C400A58E42;
					};
				};
			};
			buildConfigurationList = 3F5AB48C236F72C400A58E42 /* Build configuration list for PBXProject "ballotPlanner" */;
			compatibilityVersion = "Xcode 9.3";
			developmentRegion = en;
			hasScannedForEncodings = 0;
			knownRegions = (
				en,
				Base,
			);
			mainGroup = 3F5AB488236F72C400A58E42;
			productRefGroup = 3F5AB492236F72C400A58E42 /* Products */;
			projectDirPath = "";
			projectRoot = "";
			targets = (
				3F5AB490236F72C400A58E42 /* ballotPlanner */,
				6D07D47C237539CA00ABC19E /* ballotPlannerParserTests */,
				6D07D490237540E500ABC19E /* ballotPlannerModelTests */,
				6D16B72F2375A099008245BE /* ballotPlannerViewModelTests */,
			);
		};
/* End PBXProject section */

/* Begin PBXResourcesBuildPhase section */
		3F5AB48F236F72C400A58E42 /* Resources */ = {
			isa = PBXResourcesBuildPhase;
			buildActionMask = 2147483647;
			files = (
				3F5AB49F236F72C700A58E42 /* LaunchScreen.storyboard in Resources */,
				3FB582532370E2C8006024BD /* TableViewCell.xib in Resources */,
				6D88EFCF23733793004FFF23 /* UserInfo.storyboard in Resources */,
				3FB58268237112E9006024BD /* MyElectionsTableViewCell.xib in Resources */,
				3F5AB4CA2370994000A58E42 /* ElectionDates.storyboard in Resources */,
				3F5AB4A7236F731700A58E42 /* GoogleService-Info.plist in Resources */,
				6D88EFC52371C469004FFF23 /* UserLocationController.storyboard in Resources */,
				3F5AB49C236F72C700A58E42 /* Assets.xcassets in Resources */,
				3FB5826A237121AE006024BD /* myBallot.storyboard in Resources */,
				3F5AB49A236F72C400A58E42 /* Main.storyboard in Resources */,
			);
			runOnlyForDeploymentPostprocessing = 0;
		};
		6D07D47B237539CA00ABC19E /* Resources */ = {
			isa = PBXResourcesBuildPhase;
			buildActionMask = 2147483647;
			files = (
			);
			runOnlyForDeploymentPostprocessing = 0;
		};
		6D07D48F237540E500ABC19E /* Resources */ = {
			isa = PBXResourcesBuildPhase;
			buildActionMask = 2147483647;
			files = (
			);
			runOnlyForDeploymentPostprocessing = 0;
		};
		6D16B72E2375A099008245BE /* Resources */ = {
			isa = PBXResourcesBuildPhase;
			buildActionMask = 2147483647;
			files = (
			);
			runOnlyForDeploymentPostprocessing = 0;
		};
/* End PBXResourcesBuildPhase section */

/* Begin PBXShellScriptBuildPhase section */
		0EAE0429A6170B084849A617 /* [CP] Copy Pods Resources */ = {
			isa = PBXShellScriptBuildPhase;
			buildActionMask = 2147483647;
			files = (
			);
			inputFileListPaths = (
				"${PODS_ROOT}/Target Support Files/Pods-ballotPlannerParserTests/Pods-ballotPlannerParserTests-resources-${CONFIGURATION}-input-files.xcfilelist",
			);
			name = "[CP] Copy Pods Resources";
			outputFileListPaths = (
				"${PODS_ROOT}/Target Support Files/Pods-ballotPlannerParserTests/Pods-ballotPlannerParserTests-resources-${CONFIGURATION}-output-files.xcfilelist",
			);
			runOnlyForDeploymentPostprocessing = 0;
			shellPath = /bin/sh;
			shellScript = "\"${PODS_ROOT}/Target Support Files/Pods-ballotPlannerParserTests/Pods-ballotPlannerParserTests-resources.sh\"\n";
			showEnvVarsInLog = 0;
		};
		483A5B27E38AA2D05199F61F /* [CP] Copy Pods Resources */ = {
			isa = PBXShellScriptBuildPhase;
			buildActionMask = 2147483647;
			files = (
			);
			inputFileListPaths = (
				"${PODS_ROOT}/Target Support Files/Pods-ballotPlannerViewModelTests/Pods-ballotPlannerViewModelTests-resources-${CONFIGURATION}-input-files.xcfilelist",
			);
			name = "[CP] Copy Pods Resources";
			outputFileListPaths = (
				"${PODS_ROOT}/Target Support Files/Pods-ballotPlannerViewModelTests/Pods-ballotPlannerViewModelTests-resources-${CONFIGURATION}-output-files.xcfilelist",
			);
			runOnlyForDeploymentPostprocessing = 0;
			shellPath = /bin/sh;
			shellScript = "\"${PODS_ROOT}/Target Support Files/Pods-ballotPlannerViewModelTests/Pods-ballotPlannerViewModelTests-resources.sh\"\n";
			showEnvVarsInLog = 0;
		};
		77C680816AF035394A9C46F1 /* [CP] Check Pods Manifest.lock */ = {
			isa = PBXShellScriptBuildPhase;
			buildActionMask = 2147483647;
			files = (
			);
			inputFileListPaths = (
			);
			inputPaths = (
				"${PODS_PODFILE_DIR_PATH}/Podfile.lock",
				"${PODS_ROOT}/Manifest.lock",
			);
			name = "[CP] Check Pods Manifest.lock";
			outputFileListPaths = (
			);
			outputPaths = (
				"$(DERIVED_FILE_DIR)/Pods-ballotPlannerViewModelTests-checkManifestLockResult.txt",
			);
			runOnlyForDeploymentPostprocessing = 0;
			shellPath = /bin/sh;
			shellScript = "diff \"${PODS_PODFILE_DIR_PATH}/Podfile.lock\" \"${PODS_ROOT}/Manifest.lock\" > /dev/null\nif [ $? != 0 ] ; then\n    # print error to STDERR\n    echo \"error: The sandbox is not in sync with the Podfile.lock. Run 'pod install' or update your CocoaPods installation.\" >&2\n    exit 1\nfi\n# This output is used by Xcode 'outputs' to avoid re-running this script phase.\necho \"SUCCESS\" > \"${SCRIPT_OUTPUT_FILE_0}\"\n";
			showEnvVarsInLog = 0;
		};
		830CC71639781848E3649777 /* [CP] Check Pods Manifest.lock */ = {
			isa = PBXShellScriptBuildPhase;
			buildActionMask = 2147483647;
			files = (
			);
			inputFileListPaths = (
			);
			inputPaths = (
				"${PODS_PODFILE_DIR_PATH}/Podfile.lock",
				"${PODS_ROOT}/Manifest.lock",
			);
			name = "[CP] Check Pods Manifest.lock";
			outputFileListPaths = (
			);
			outputPaths = (
				"$(DERIVED_FILE_DIR)/Pods-ballotPlannerParserTests-checkManifestLockResult.txt",
			);
			runOnlyForDeploymentPostprocessing = 0;
			shellPath = /bin/sh;
			shellScript = "diff \"${PODS_PODFILE_DIR_PATH}/Podfile.lock\" \"${PODS_ROOT}/Manifest.lock\" > /dev/null\nif [ $? != 0 ] ; then\n    # print error to STDERR\n    echo \"error: The sandbox is not in sync with the Podfile.lock. Run 'pod install' or update your CocoaPods installation.\" >&2\n    exit 1\nfi\n# This output is used by Xcode 'outputs' to avoid re-running this script phase.\necho \"SUCCESS\" > \"${SCRIPT_OUTPUT_FILE_0}\"\n";
			showEnvVarsInLog = 0;
		};
		9EFF5FBF7EDE54F5F313C4A8 /* [CP] Check Pods Manifest.lock */ = {
			isa = PBXShellScriptBuildPhase;
			buildActionMask = 2147483647;
			files = (
			);
			inputFileListPaths = (
			);
			inputPaths = (
				"${PODS_PODFILE_DIR_PATH}/Podfile.lock",
				"${PODS_ROOT}/Manifest.lock",
			);
			name = "[CP] Check Pods Manifest.lock";
			outputFileListPaths = (
			);
			outputPaths = (
				"$(DERIVED_FILE_DIR)/Pods-ballotPlanner-checkManifestLockResult.txt",
			);
			runOnlyForDeploymentPostprocessing = 0;
			shellPath = /bin/sh;
			shellScript = "diff \"${PODS_PODFILE_DIR_PATH}/Podfile.lock\" \"${PODS_ROOT}/Manifest.lock\" > /dev/null\nif [ $? != 0 ] ; then\n    # print error to STDERR\n    echo \"error: The sandbox is not in sync with the Podfile.lock. Run 'pod install' or update your CocoaPods installation.\" >&2\n    exit 1\nfi\n# This output is used by Xcode 'outputs' to avoid re-running this script phase.\necho \"SUCCESS\" > \"${SCRIPT_OUTPUT_FILE_0}\"\n";
			showEnvVarsInLog = 0;
		};
		E7B2917DCC7F6562E4A48316 /* [CP] Embed Pods Frameworks */ = {
			isa = PBXShellScriptBuildPhase;
			buildActionMask = 2147483647;
			files = (
			);
			inputFileListPaths = (
				"${PODS_ROOT}/Target Support Files/Pods-ballotPlanner/Pods-ballotPlanner-frameworks-${CONFIGURATION}-input-files.xcfilelist",
			);
			name = "[CP] Embed Pods Frameworks";
			outputFileListPaths = (
				"${PODS_ROOT}/Target Support Files/Pods-ballotPlanner/Pods-ballotPlanner-frameworks-${CONFIGURATION}-output-files.xcfilelist",
			);
			runOnlyForDeploymentPostprocessing = 0;
			shellPath = /bin/sh;
			shellScript = "\"${PODS_ROOT}/Target Support Files/Pods-ballotPlanner/Pods-ballotPlanner-frameworks.sh\"\n";
			showEnvVarsInLog = 0;
		};
/* End PBXShellScriptBuildPhase section */

/* Begin PBXSourcesBuildPhase section */
		3F5AB48D236F72C400A58E42 /* Sources */ = {
			isa = PBXSourcesBuildPhase;
			buildActionMask = 2147483647;
			files = (
				6D88EFD12373386F004FFF23 /* AchievementsViewController.swift in Sources */,
				3FFD3E2C2372244000B680F9 /* ElectionDatesViewModel.swift in Sources */,
				3FB582622370F0E7006024BD /* MyElectionsParser.swift in Sources */,
				3F5AB4C8236F9CF200A58E42 /* ElectionDateDetailViewController.swift in Sources */,
				3FB582522370E2C8006024BD /* TableViewCell.swift in Sources */,
				6D097BA52373E10700E756DB /* PartyChooseViewController.swift in Sources */,
				6D097B9F2373BCF700E756DB /* Achievement.swift in Sources */,
				6D88EFD323733C11004FFF23 /* MyCollectionViewCell.swift in Sources */,
				3FB58267237112E9006024BD /* MyElectionsTableViewCell.swift in Sources */,
				3F42AB812370A49100238682 /* ElectionDatesViewController.swift in Sources */,
				3FB5825D2370EC12006024BD /* MyElectionsViewModel.swift in Sources */,
				6D88EFD523733C3F004FFF23 /* MyViewController.swift in Sources */,
				6D57021E2373B0C500A7BA0D /* AchievementsParser.swift in Sources */,
				3FB5826423710FF9006024BD /* Person.swift in Sources */,
				3F5AB4B0236F8EBC00A58E42 /* ElectionDateDetailViewModel.swift in Sources */,
				6D88EFC1236F9618004FFF23 /* Location.swift in Sources */,
				6D88EFC923720542004FFF23 /* UserInfoController.swift in Sources */,
				3F5AB495236F72C400A58E42 /* AppDelegate.swift in Sources */,
				6D097BA32373CBEA00E756DB /* UserInfoViewModel.swift in Sources */,
				6D57021C2373AFF900A7BA0D /* AchievementViewModel.swift in Sources */,
				6D097BA12373C94A00E756DB /* UserInfoParser.swift in Sources */,
				3FB5824F2370BFE6006024BD /* ElectionDatesParser.swift in Sources */,
				6D88EFBD236F95D1004FFF23 /* UserLocationController.swift in Sources */,
				6D88EFBF236F95EA004FFF23 /* UserPartyController.swift in Sources */,
				3F3018C223749A1C00766FEE /* UserLocationController2.swift in Sources */,
				3F5AB4AA236F89A500A58E42 /* ElectionDate.swift in Sources */,
			);
			runOnlyForDeploymentPostprocessing = 0;
		};
		6D07D479237539CA00ABC19E /* Sources */ = {
			isa = PBXSourcesBuildPhase;
			buildActionMask = 2147483647;
			files = (
				6D07D48A23753DFB00ABC19E /* MyElectionsParser.swift in Sources */,
				6D07D48C2375402900ABC19E /* ElectionDate.swift in Sources */,
				6D07D48923753DF600ABC19E /* ElectionDatesParser.swift in Sources */,
				6D07D48B23753DFF00ABC19E /* UserInfoParser.swift in Sources */,
				6D07D480237539CA00ABC19E /* ballotPlannerParserTests.swift in Sources */,
				6D07D48823753C0800ABC19E /* Achievement.swift in Sources */,
			);
			runOnlyForDeploymentPostprocessing = 0;
		};
		6D07D48D237540E500ABC19E /* Sources */ = {
			isa = PBXSourcesBuildPhase;
			buildActionMask = 2147483647;
			files = (
				6D07D49B237540F600ABC19E /* Location.swift in Sources */,
				6D07D494237540E500ABC19E /* ballotPlannerModelTests.swift in Sources */,
				6D07D49D237540FB00ABC19E /* Person.swift in Sources */,
				6D07D49C237540F800ABC19E /* ElectionDate.swift in Sources */,
				6D07D49E2375410000ABC19E /* Achievement.swift in Sources */,
			);
			runOnlyForDeploymentPostprocessing = 0;
		};
		6D16B72C2375A099008245BE /* Sources */ = {
			isa = PBXSourcesBuildPhase;
			buildActionMask = 2147483647;
			files = (
				6D16B73F2375A9AA008245BE /* AchievementsViewModelTests.swift in Sources */,
				6D16B7332375A099008245BE /* ballotPlannerViewModelTests.swift in Sources */,
				6D16B73B2375A598008245BE /* ElectionDatesViewModelTests.swift in Sources */,
				6D16B7412375B4EA008245BE /* ElectionDateDetailViewModelTests.swift in Sources */,
				6D16B73D2375A7FE008245BE /* UserInfoViewModelTests.swift in Sources */,
			);
			runOnlyForDeploymentPostprocessing = 0;
		};
/* End PBXSourcesBuildPhase section */

/* Begin PBXTargetDependency section */
		6D07D483237539CA00ABC19E /* PBXTargetDependency */ = {
			isa = PBXTargetDependency;
			target = 3F5AB490236F72C400A58E42 /* ballotPlanner */;
			targetProxy = 6D07D482237539CA00ABC19E /* PBXContainerItemProxy */;
		};
		6D07D497237540E500ABC19E /* PBXTargetDependency */ = {
			isa = PBXTargetDependency;
			target = 3F5AB490236F72C400A58E42 /* ballotPlanner */;
			targetProxy = 6D07D496237540E500ABC19E /* PBXContainerItemProxy */;
		};
		6D16B7362375A099008245BE /* PBXTargetDependency */ = {
			isa = PBXTargetDependency;
			target = 3F5AB490236F72C400A58E42 /* ballotPlanner */;
			targetProxy = 6D16B7352375A099008245BE /* PBXContainerItemProxy */;
		};
/* End PBXTargetDependency section */

/* Begin PBXVariantGroup section */
		3F5AB498236F72C400A58E42 /* Main.storyboard */ = {
			isa = PBXVariantGroup;
			children = (
				3F5AB499236F72C400A58E42 /* Base */,
			);
			name = Main.storyboard;
			sourceTree = "<group>";
		};
		3F5AB49D236F72C700A58E42 /* LaunchScreen.storyboard */ = {
			isa = PBXVariantGroup;
			children = (
				3F5AB49E236F72C700A58E42 /* Base */,
			);
			name = LaunchScreen.storyboard;
			sourceTree = "<group>";
		};
/* End PBXVariantGroup section */

/* Begin XCBuildConfiguration section */
		3F5AB4A1236F72C700A58E42 /* Debug */ = {
			isa = XCBuildConfiguration;
			buildSettings = {
				ALWAYS_SEARCH_USER_PATHS = NO;
				CLANG_ANALYZER_NONNULL = YES;
				CLANG_ANALYZER_NUMBER_OBJECT_CONVERSION = YES_AGGRESSIVE;
				CLANG_CXX_LANGUAGE_STANDARD = "gnu++14";
				CLANG_CXX_LIBRARY = "libc++";
				CLANG_ENABLE_MODULES = YES;
				CLANG_ENABLE_OBJC_ARC = YES;
				CLANG_ENABLE_OBJC_WEAK = YES;
				CLANG_WARN_BLOCK_CAPTURE_AUTORELEASING = YES;
				CLANG_WARN_BOOL_CONVERSION = YES;
				CLANG_WARN_COMMA = YES;
				CLANG_WARN_CONSTANT_CONVERSION = YES;
				CLANG_WARN_DEPRECATED_OBJC_IMPLEMENTATIONS = YES;
				CLANG_WARN_DIRECT_OBJC_ISA_USAGE = YES_ERROR;
				CLANG_WARN_DOCUMENTATION_COMMENTS = YES;
				CLANG_WARN_EMPTY_BODY = YES;
				CLANG_WARN_ENUM_CONVERSION = YES;
				CLANG_WARN_INFINITE_RECURSION = YES;
				CLANG_WARN_INT_CONVERSION = YES;
				CLANG_WARN_NON_LITERAL_NULL_CONVERSION = YES;
				CLANG_WARN_OBJC_IMPLICIT_RETAIN_SELF = YES;
				CLANG_WARN_OBJC_LITERAL_CONVERSION = YES;
				CLANG_WARN_OBJC_ROOT_CLASS = YES_ERROR;
				CLANG_WARN_RANGE_LOOP_ANALYSIS = YES;
				CLANG_WARN_STRICT_PROTOTYPES = YES;
				CLANG_WARN_SUSPICIOUS_MOVE = YES;
				CLANG_WARN_UNGUARDED_AVAILABILITY = YES_AGGRESSIVE;
				CLANG_WARN_UNREACHABLE_CODE = YES;
				CLANG_WARN__DUPLICATE_METHOD_MATCH = YES;
				CODE_SIGN_IDENTITY = "iPhone Developer";
				COPY_PHASE_STRIP = NO;
				DEBUG_INFORMATION_FORMAT = dwarf;
				ENABLE_STRICT_OBJC_MSGSEND = YES;
				ENABLE_TESTABILITY = YES;
				GCC_C_LANGUAGE_STANDARD = gnu11;
				GCC_DYNAMIC_NO_PIC = NO;
				GCC_NO_COMMON_BLOCKS = YES;
				GCC_OPTIMIZATION_LEVEL = 0;
				GCC_PREPROCESSOR_DEFINITIONS = (
					"DEBUG=1",
					"$(inherited)",
				);
				GCC_WARN_64_TO_32_BIT_CONVERSION = YES;
				GCC_WARN_ABOUT_RETURN_TYPE = YES_ERROR;
				GCC_WARN_UNDECLARED_SELECTOR = YES;
				GCC_WARN_UNINITIALIZED_AUTOS = YES_AGGRESSIVE;
				GCC_WARN_UNUSED_FUNCTION = YES;
				GCC_WARN_UNUSED_VARIABLE = YES;
				IPHONEOS_DEPLOYMENT_TARGET = 12.4;
				MTL_ENABLE_DEBUG_INFO = INCLUDE_SOURCE;
				MTL_FAST_MATH = YES;
				ONLY_ACTIVE_ARCH = YES;
				SDKROOT = iphoneos;
				SWIFT_ACTIVE_COMPILATION_CONDITIONS = DEBUG;
				SWIFT_OPTIMIZATION_LEVEL = "-Onone";
			};
			name = Debug;
		};
		3F5AB4A2236F72C700A58E42 /* Release */ = {
			isa = XCBuildConfiguration;
			buildSettings = {
				ALWAYS_SEARCH_USER_PATHS = NO;
				CLANG_ANALYZER_NONNULL = YES;
				CLANG_ANALYZER_NUMBER_OBJECT_CONVERSION = YES_AGGRESSIVE;
				CLANG_CXX_LANGUAGE_STANDARD = "gnu++14";
				CLANG_CXX_LIBRARY = "libc++";
				CLANG_ENABLE_MODULES = YES;
				CLANG_ENABLE_OBJC_ARC = YES;
				CLANG_ENABLE_OBJC_WEAK = YES;
				CLANG_WARN_BLOCK_CAPTURE_AUTORELEASING = YES;
				CLANG_WARN_BOOL_CONVERSION = YES;
				CLANG_WARN_COMMA = YES;
				CLANG_WARN_CONSTANT_CONVERSION = YES;
				CLANG_WARN_DEPRECATED_OBJC_IMPLEMENTATIONS = YES;
				CLANG_WARN_DIRECT_OBJC_ISA_USAGE = YES_ERROR;
				CLANG_WARN_DOCUMENTATION_COMMENTS = YES;
				CLANG_WARN_EMPTY_BODY = YES;
				CLANG_WARN_ENUM_CONVERSION = YES;
				CLANG_WARN_INFINITE_RECURSION = YES;
				CLANG_WARN_INT_CONVERSION = YES;
				CLANG_WARN_NON_LITERAL_NULL_CONVERSION = YES;
				CLANG_WARN_OBJC_IMPLICIT_RETAIN_SELF = YES;
				CLANG_WARN_OBJC_LITERAL_CONVERSION = YES;
				CLANG_WARN_OBJC_ROOT_CLASS = YES_ERROR;
				CLANG_WARN_RANGE_LOOP_ANALYSIS = YES;
				CLANG_WARN_STRICT_PROTOTYPES = YES;
				CLANG_WARN_SUSPICIOUS_MOVE = YES;
				CLANG_WARN_UNGUARDED_AVAILABILITY = YES_AGGRESSIVE;
				CLANG_WARN_UNREACHABLE_CODE = YES;
				CLANG_WARN__DUPLICATE_METHOD_MATCH = YES;
				CODE_SIGN_IDENTITY = "iPhone Developer";
				COPY_PHASE_STRIP = NO;
				DEBUG_INFORMATION_FORMAT = "dwarf-with-dsym";
				ENABLE_NS_ASSERTIONS = NO;
				ENABLE_STRICT_OBJC_MSGSEND = YES;
				GCC_C_LANGUAGE_STANDARD = gnu11;
				GCC_NO_COMMON_BLOCKS = YES;
				GCC_WARN_64_TO_32_BIT_CONVERSION = YES;
				GCC_WARN_ABOUT_RETURN_TYPE = YES_ERROR;
				GCC_WARN_UNDECLARED_SELECTOR = YES;
				GCC_WARN_UNINITIALIZED_AUTOS = YES_AGGRESSIVE;
				GCC_WARN_UNUSED_FUNCTION = YES;
				GCC_WARN_UNUSED_VARIABLE = YES;
				IPHONEOS_DEPLOYMENT_TARGET = 12.4;
				MTL_ENABLE_DEBUG_INFO = NO;
				MTL_FAST_MATH = YES;
				SDKROOT = iphoneos;
				SWIFT_COMPILATION_MODE = wholemodule;
				SWIFT_OPTIMIZATION_LEVEL = "-O";
				VALIDATE_PRODUCT = YES;
			};
			name = Release;
		};
		3F5AB4A4236F72C700A58E42 /* Debug */ = {
			isa = XCBuildConfiguration;
			baseConfigurationReference = 3C628B7B7611EB44E84599A8 /* Pods-ballotPlanner.debug.xcconfig */;
			buildSettings = {
				ASSETCATALOG_COMPILER_APPICON_NAME = AppIcon;
				CODE_SIGN_STYLE = Automatic;
				DEVELOPMENT_TEAM = RMKJ5888TK;
				INFOPLIST_FILE = ballotPlanner/Info.plist;
				LD_RUNPATH_SEARCH_PATHS = (
					"$(inherited)",
					"@executable_path/Frameworks",
				);
				PRODUCT_BUNDLE_IDENTIFIER = com.egiuse.ballotPlanner;
				PRODUCT_NAME = "$(TARGET_NAME)";
				SWIFT_VERSION = 5.0;
				TARGETED_DEVICE_FAMILY = "1,2";
			};
			name = Debug;
		};
		3F5AB4A5236F72C700A58E42 /* Release */ = {
			isa = XCBuildConfiguration;
			baseConfigurationReference = F4B65065CEABC734A70351D5 /* Pods-ballotPlanner.release.xcconfig */;
			buildSettings = {
				ASSETCATALOG_COMPILER_APPICON_NAME = AppIcon;
				CODE_SIGN_STYLE = Automatic;
				DEVELOPMENT_TEAM = RMKJ5888TK;
				INFOPLIST_FILE = ballotPlanner/Info.plist;
				LD_RUNPATH_SEARCH_PATHS = (
					"$(inherited)",
					"@executable_path/Frameworks",
				);
				PRODUCT_BUNDLE_IDENTIFIER = com.egiuse.ballotPlanner;
				PRODUCT_NAME = "$(TARGET_NAME)";
				SWIFT_VERSION = 5.0;
				TARGETED_DEVICE_FAMILY = "1,2";
			};
			name = Release;
		};
		6D07D485237539CA00ABC19E /* Debug */ = {
			isa = XCBuildConfiguration;
			baseConfigurationReference = 3BD00250728C1CC1AB19DA9D /* Pods-ballotPlannerParserTests.debug.xcconfig */;
			buildSettings = {
				BUNDLE_LOADER = "$(TEST_HOST)";
				CODE_SIGN_STYLE = Automatic;
				INFOPLIST_FILE = ballotPlannerParserTests/Info.plist;
				LD_RUNPATH_SEARCH_PATHS = (
					"$(inherited)",
					"@executable_path/Frameworks",
					"@loader_path/Frameworks",
				);
				PRODUCT_BUNDLE_IDENTIFIER = "-7442.ballotPlannerParserTests";
				PRODUCT_NAME = "$(TARGET_NAME)";
				SWIFT_VERSION = 5.0;
				TARGETED_DEVICE_FAMILY = "1,2";
				TEST_HOST = "$(BUILT_PRODUCTS_DIR)/ballotPlanner.app/ballotPlanner";
			};
			name = Debug;
		};
		6D07D486237539CA00ABC19E /* Release */ = {
			isa = XCBuildConfiguration;
			baseConfigurationReference = 0F62BB8FD6D9ED84E8B126E3 /* Pods-ballotPlannerParserTests.release.xcconfig */;
			buildSettings = {
				BUNDLE_LOADER = "$(TEST_HOST)";
				CODE_SIGN_STYLE = Automatic;
				INFOPLIST_FILE = ballotPlannerParserTests/Info.plist;
				LD_RUNPATH_SEARCH_PATHS = (
					"$(inherited)",
					"@executable_path/Frameworks",
					"@loader_path/Frameworks",
				);
				PRODUCT_BUNDLE_IDENTIFIER = "-7442.ballotPlannerParserTests";
				PRODUCT_NAME = "$(TARGET_NAME)";
				SWIFT_VERSION = 5.0;
				TARGETED_DEVICE_FAMILY = "1,2";
				TEST_HOST = "$(BUILT_PRODUCTS_DIR)/ballotPlanner.app/ballotPlanner";
			};
			name = Release;
		};
		6D07D499237540E500ABC19E /* Debug */ = {
			isa = XCBuildConfiguration;
			buildSettings = {
				BUNDLE_LOADER = "$(TEST_HOST)";
				CODE_SIGN_STYLE = Automatic;
				INFOPLIST_FILE = ballotPlannerModelTests/Info.plist;
				LD_RUNPATH_SEARCH_PATHS = (
					"$(inherited)",
					"@executable_path/Frameworks",
					"@loader_path/Frameworks",
				);
				PRODUCT_BUNDLE_IDENTIFIER = "-7442.ballotPlannerModelTests";
				PRODUCT_NAME = "$(TARGET_NAME)";
				SWIFT_VERSION = 5.0;
				TARGETED_DEVICE_FAMILY = "1,2";
				TEST_HOST = "$(BUILT_PRODUCTS_DIR)/ballotPlanner.app/ballotPlanner";
			};
			name = Debug;
		};
		6D07D49A237540E500ABC19E /* Release */ = {
			isa = XCBuildConfiguration;
			buildSettings = {
				BUNDLE_LOADER = "$(TEST_HOST)";
				CODE_SIGN_STYLE = Automatic;
				INFOPLIST_FILE = ballotPlannerModelTests/Info.plist;
				LD_RUNPATH_SEARCH_PATHS = (
					"$(inherited)",
					"@executable_path/Frameworks",
					"@loader_path/Frameworks",
				);
				PRODUCT_BUNDLE_IDENTIFIER = "-7442.ballotPlannerModelTests";
				PRODUCT_NAME = "$(TARGET_NAME)";
				SWIFT_VERSION = 5.0;
				TARGETED_DEVICE_FAMILY = "1,2";
				TEST_HOST = "$(BUILT_PRODUCTS_DIR)/ballotPlanner.app/ballotPlanner";
			};
			name = Release;
		};
		6D16B7372375A099008245BE /* Debug */ = {
			isa = XCBuildConfiguration;
			baseConfigurationReference = F18F7DF6481E32AEAEA0EBF7 /* Pods-ballotPlannerViewModelTests.debug.xcconfig */;
			buildSettings = {
				BUNDLE_LOADER = "$(TEST_HOST)";
				CODE_SIGN_STYLE = Automatic;
				INFOPLIST_FILE = ballotPlannerViewModelTests/Info.plist;
				LD_RUNPATH_SEARCH_PATHS = (
					"$(inherited)",
					"@executable_path/Frameworks",
					"@loader_path/Frameworks",
				);
				PRODUCT_BUNDLE_IDENTIFIER = "-7442.ballotPlannerViewModelTests";
				PRODUCT_NAME = "$(TARGET_NAME)";
				SWIFT_VERSION = 5.0;
				TARGETED_DEVICE_FAMILY = "1,2";
				TEST_HOST = "$(BUILT_PRODUCTS_DIR)/ballotPlanner.app/ballotPlanner";
			};
			name = Debug;
		};
		6D16B7382375A099008245BE /* Release */ = {
			isa = XCBuildConfiguration;
			baseConfigurationReference = C60942CCD634D97C788480F5 /* Pods-ballotPlannerViewModelTests.release.xcconfig */;
			buildSettings = {
				BUNDLE_LOADER = "$(TEST_HOST)";
				CODE_SIGN_STYLE = Automatic;
				INFOPLIST_FILE = ballotPlannerViewModelTests/Info.plist;
				LD_RUNPATH_SEARCH_PATHS = (
					"$(inherited)",
					"@executable_path/Frameworks",
					"@loader_path/Frameworks",
				);
				PRODUCT_BUNDLE_IDENTIFIER = "-7442.ballotPlannerViewModelTests";
				PRODUCT_NAME = "$(TARGET_NAME)";
				SWIFT_VERSION = 5.0;
				TARGETED_DEVICE_FAMILY = "1,2";
				TEST_HOST = "$(BUILT_PRODUCTS_DIR)/ballotPlanner.app/ballotPlanner";
			};
			name = Release;
		};
/* End XCBuildConfiguration section */

/* Begin XCConfigurationList section */
		3F5AB48C236F72C400A58E42 /* Build configuration list for PBXProject "ballotPlanner" */ = {
			isa = XCConfigurationList;
			buildConfigurations = (
				3F5AB4A1236F72C700A58E42 /* Debug */,
				3F5AB4A2236F72C700A58E42 /* Release */,
			);
			defaultConfigurationIsVisible = 0;
			defaultConfigurationName = Release;
		};
		3F5AB4A3236F72C700A58E42 /* Build configuration list for PBXNativeTarget "ballotPlanner" */ = {
			isa = XCConfigurationList;
			buildConfigurations = (
				3F5AB4A4236F72C700A58E42 /* Debug */,
				3F5AB4A5236F72C700A58E42 /* Release */,
			);
			defaultConfigurationIsVisible = 0;
			defaultConfigurationName = Release;
		};
		6D07D484237539CA00ABC19E /* Build configuration list for PBXNativeTarget "ballotPlannerParserTests" */ = {
			isa = XCConfigurationList;
			buildConfigurations = (
				6D07D485237539CA00ABC19E /* Debug */,
				6D07D486237539CA00ABC19E /* Release */,
			);
			defaultConfigurationIsVisible = 0;
			defaultConfigurationName = Release;
		};
		6D07D498237540E500ABC19E /* Build configuration list for PBXNativeTarget "ballotPlannerModelTests" */ = {
			isa = XCConfigurationList;
			buildConfigurations = (
				6D07D499237540E500ABC19E /* Debug */,
				6D07D49A237540E500ABC19E /* Release */,
			);
			defaultConfigurationIsVisible = 0;
			defaultConfigurationName = Release;
		};
		6D16B7392375A099008245BE /* Build configuration list for PBXNativeTarget "ballotPlannerViewModelTests" */ = {
			isa = XCConfigurationList;
			buildConfigurations = (
				6D16B7372375A099008245BE /* Debug */,
				6D16B7382375A099008245BE /* Release */,
			);
			defaultConfigurationIsVisible = 0;
			defaultConfigurationName = Release;
		};
/* End XCConfigurationList section */
	};
	rootObject = 3F5AB489236F72C400A58E42 /* Project object */;
}
